// !$*UTF8*$!
{
	archiveVersion = 1;
	classes = {
	};
	objectVersion = 46;
	objects = {

/* Begin PBXBuildFile section */
		C71832761C50B85F00388E02 /* main.m in Sources */ = {isa = PBXBuildFile; fileRef = C71832751C50B85F00388E02 /* main.m */; };
		C71832791C50B85F00388E02 /* AppDelegate.m in Sources */ = {isa = PBXBuildFile; fileRef = C71832781C50B85F00388E02 /* AppDelegate.m */; };
		C718327C1C50B85F00388E02 /* ViewController.m in Sources */ = {isa = PBXBuildFile; fileRef = C718327B1C50B85F00388E02 /* ViewController.m */; };
		C718327F1C50B85F00388E02 /* Main.storyboard in Resources */ = {isa = PBXBuildFile; fileRef = C718327D1C50B85F00388E02 /* Main.storyboard */; };
		C71832821C50B85F00388E02 /* Poli_Credible_Proto.xcdatamodeld in Sources */ = {isa = PBXBuildFile; fileRef = C71832801C50B85F00388E02 /* Poli_Credible_Proto.xcdatamodeld */; };
		C71832841C50B85F00388E02 /* Assets.xcassets in Resources */ = {isa = PBXBuildFile; fileRef = C71832831C50B85F00388E02 /* Assets.xcassets */; };
		C71832871C50B85F00388E02 /* LaunchScreen.storyboard in Resources */ = {isa = PBXBuildFile; fileRef = C71832851C50B85F00388E02 /* LaunchScreen.storyboard */; };
		C71832921C50B85F00388E02 /* Poli_Credible_ProtoTests.m in Sources */ = {isa = PBXBuildFile; fileRef = C71832911C50B85F00388E02 /* Poli_Credible_ProtoTests.m */; };
		C718329D1C50B85F00388E02 /* Poli_Credible_ProtoUITests.m in Sources */ = {isa = PBXBuildFile; fileRef = C718329C1C50B85F00388E02 /* Poli_Credible_ProtoUITests.m */; };
		C71832AC1C50BA0F00388E02 /* search-icon.png in Resources */ = {isa = PBXBuildFile; fileRef = C71832AA1C50BA0F00388E02 /* search-icon.png */; };
		C71832AD1C50BA0F00388E02 /* UIBarButtonSearch_2x.png in Resources */ = {isa = PBXBuildFile; fileRef = C71832AB1C50BA0F00388E02 /* UIBarButtonSearch_2x.png */; };
		C71832B31C513DFD00388E02 /* StateViewController.m in Sources */ = {isa = PBXBuildFile; fileRef = C71832B21C513DFD00388E02 /* StateViewController.m */; };
		C71832B51C56554800388E02 /* Logo-1.png in Resources */ = {isa = PBXBuildFile; fileRef = C71832B41C56554800388E02 /* Logo-1.png */; };
		C71832B81C567B9100388E02 /* ResultsViewController.m in Sources */ = {isa = PBXBuildFile; fileRef = C71832B71C567B9100388E02 /* ResultsViewController.m */; };
		C71832BB1C567D8900388E02 /* MemberDataClass.m in Sources */ = {isa = PBXBuildFile; fileRef = C71832BA1C567D8900388E02 /* MemberDataClass.m */; };
		C71832BF1C56890A00388E02 /* HTTPManager.m in Sources */ = {isa = PBXBuildFile; fileRef = C71832BE1C56890A00388E02 /* HTTPManager.m */; };
		C71832C21C57DB4A00388E02 /* ZipCodeViewController.m in Sources */ = {isa = PBXBuildFile; fileRef = C71832C11C57DB4A00388E02 /* ZipCodeViewController.m */; };
		C71832C51C57DB7E00388E02 /* NameViewController.m in Sources */ = {isa = PBXBuildFile; fileRef = C71832C41C57DB7E00388E02 /* NameViewController.m */; };
		C71832C81C59615B00388E02 /* FavoritesViewController.m in Sources */ = {isa = PBXBuildFile; fileRef = C71832C71C59615B00388E02 /* FavoritesViewController.m */; };
		C71832CB1C5994C700388E02 /* DetailViewController.m in Sources */ = {isa = PBXBuildFile; fileRef = C71832CA1C5994C700388E02 /* DetailViewController.m */; };
		C71832CD1C5A4A2400388E02 /* Shelby-Image.jpg in Resources */ = {isa = PBXBuildFile; fileRef = C71832CC1C5A4A2400388E02 /* Shelby-Image.jpg */; };
		C7D5B2861C61BAC90092A5D5 /* bg-1.png in Resources */ = {isa = PBXBuildFile; fileRef = C7D5B2851C61BAC90092A5D5 /* bg-1.png */; };
		C7D5B2881C61BDF70092A5D5 /* bg-2.png in Resources */ = {isa = PBXBuildFile; fileRef = C7D5B2871C61BDF70092A5D5 /* bg-2.png */; };
		C7D5B28A1C61CA170092A5D5 /* Logo-2.png in Resources */ = {isa = PBXBuildFile; fileRef = C7D5B2891C61CA170092A5D5 /* Logo-2.png */; };
		C7D5B2941C62967C0092A5D5 /* favorite-icon.png in Resources */ = {isa = PBXBuildFile; fileRef = C7D5B2931C62967C0092A5D5 /* favorite-icon.png */; };
		C7D5B2961C62978A0092A5D5 /* favorite-icon-b.png in Resources */ = {isa = PBXBuildFile; fileRef = C7D5B2951C62978A0092A5D5 /* favorite-icon-b.png */; };
		C7D5B2981C62E8710092A5D5 /* facebook-icon.png in Resources */ = {isa = PBXBuildFile; fileRef = C7D5B2971C62E8710092A5D5 /* facebook-icon.png */; };
		C7D5B29A1C62EACC0092A5D5 /* twitter-icon.png in Resources */ = {isa = PBXBuildFile; fileRef = C7D5B2991C62EACC0092A5D5 /* twitter-icon.png */; };
		C7D5B29C1C62ECE70092A5D5 /* mail-icon.png in Resources */ = {isa = PBXBuildFile; fileRef = C7D5B29B1C62ECE70092A5D5 /* mail-icon.png */; };
		C7D5B2A01C62F46F0092A5D5 /* phone-icon.png in Resources */ = {isa = PBXBuildFile; fileRef = C7D5B29F1C62F46F0092A5D5 /* phone-icon.png */; };
		C7D5B2A31C644D240092A5D5 /* MemberInfoViewController.m in Sources */ = {isa = PBXBuildFile; fileRef = C7D5B2A21C644D240092A5D5 /* MemberInfoViewController.m */; };
		C7D5B3921C6532680092A5D5 /* TFHpple.m in Sources */ = {isa = PBXBuildFile; fileRef = C7D5B38D1C6532680092A5D5 /* TFHpple.m */; };
		C7D5B3931C6532680092A5D5 /* TFHppleElement.m in Sources */ = {isa = PBXBuildFile; fileRef = C7D5B38F1C6532680092A5D5 /* TFHppleElement.m */; };
		C7D5B3941C6532680092A5D5 /* XPathQuery.m in Sources */ = {isa = PBXBuildFile; fileRef = C7D5B3911C6532680092A5D5 /* XPathQuery.m */; };
		C7D5B3981C6535330092A5D5 /* libxml2.tbd in Frameworks */ = {isa = PBXBuildFile; fileRef = C7D5B3971C6535330092A5D5 /* libxml2.tbd */; };
		C7D5B39B1C6535E20092A5D5 /* RepBio.m in Sources */ = {isa = PBXBuildFile; fileRef = C7D5B39A1C6535E20092A5D5 /* RepBio.m */; };
		C7D5B39E1C655EE80092A5D5 /* ContributionsViewController.m in Sources */ = {isa = PBXBuildFile; fileRef = C7D5B39D1C655EE80092A5D5 /* ContributionsViewController.m */; };
		C7D5B3A11C6573CE0092A5D5 /* ContributorDataClass.m in Sources */ = {isa = PBXBuildFile; fileRef = C7D5B3A01C6573CE0092A5D5 /* ContributorDataClass.m */; };
		C7D5B3A31C668CDA0092A5D5 /* addFavoriteIcon.png in Resources */ = {isa = PBXBuildFile; fileRef = C7D5B3A21C668CDA0092A5D5 /* addFavoriteIcon.png */; };
		C7D5B3AA1C6784FF0092A5D5 /* VotesViewController.m in Sources */ = {isa = PBXBuildFile; fileRef = C7D5B3A91C6784FF0092A5D5 /* VotesViewController.m */; };
		C7D5B3AF1C67FE7C0092A5D5 /* website-link.png in Resources */ = {isa = PBXBuildFile; fileRef = C7D5B3AE1C67FE7C0092A5D5 /* website-link.png */; };
		C7D5B3B21C68D0E70092A5D5 /* VoteDataClass.m in Sources */ = {isa = PBXBuildFile; fileRef = C7D5B3B11C68D0E70092A5D5 /* VoteDataClass.m */; };
/* End PBXBuildFile section */

/* Begin PBXContainerItemProxy section */
		C718328E1C50B85F00388E02 /* PBXContainerItemProxy */ = {
			isa = PBXContainerItemProxy;
			containerPortal = C71832691C50B85F00388E02 /* Project object */;
			proxyType = 1;
			remoteGlobalIDString = C71832701C50B85F00388E02;
			remoteInfo = "Poli-Credible-Proto";
		};
		C71832991C50B85F00388E02 /* PBXContainerItemProxy */ = {
			isa = PBXContainerItemProxy;
			containerPortal = C71832691C50B85F00388E02 /* Project object */;
			proxyType = 1;
			remoteGlobalIDString = C71832701C50B85F00388E02;
			remoteInfo = "Poli-Credible-Proto";
		};
/* End PBXContainerItemProxy section */

/* Begin PBXFileReference section */
		C71832711C50B85F00388E02 /* Poli-Credible-Proto.app */ = {isa = PBXFileReference; explicitFileType = wrapper.application; includeInIndex = 0; path = "Poli-Credible-Proto.app"; sourceTree = BUILT_PRODUCTS_DIR; };
		C71832751C50B85F00388E02 /* main.m */ = {isa = PBXFileReference; lastKnownFileType = sourcecode.c.objc; path = main.m; sourceTree = "<group>"; };
		C71832771C50B85F00388E02 /* AppDelegate.h */ = {isa = PBXFileReference; lastKnownFileType = sourcecode.c.h; path = AppDelegate.h; sourceTree = "<group>"; };
		C71832781C50B85F00388E02 /* AppDelegate.m */ = {isa = PBXFileReference; lastKnownFileType = sourcecode.c.objc; path = AppDelegate.m; sourceTree = "<group>"; };
		C718327A1C50B85F00388E02 /* ViewController.h */ = {isa = PBXFileReference; lastKnownFileType = sourcecode.c.h; path = ViewController.h; sourceTree = "<group>"; };
		C718327B1C50B85F00388E02 /* ViewController.m */ = {isa = PBXFileReference; lastKnownFileType = sourcecode.c.objc; path = ViewController.m; sourceTree = "<group>"; };
		C718327E1C50B85F00388E02 /* Base */ = {isa = PBXFileReference; lastKnownFileType = file.storyboard; name = Base; path = Base.lproj/Main.storyboard; sourceTree = "<group>"; };
		C71832811C50B85F00388E02 /* Poli_Credible_Proto.xcdatamodel */ = {isa = PBXFileReference; lastKnownFileType = wrapper.xcdatamodel; path = Poli_Credible_Proto.xcdatamodel; sourceTree = "<group>"; };
		C71832831C50B85F00388E02 /* Assets.xcassets */ = {isa = PBXFileReference; lastKnownFileType = folder.assetcatalog; path = Assets.xcassets; sourceTree = "<group>"; };
		C71832861C50B85F00388E02 /* Base */ = {isa = PBXFileReference; lastKnownFileType = file.storyboard; name = Base; path = Base.lproj/LaunchScreen.storyboard; sourceTree = "<group>"; };
		C71832881C50B85F00388E02 /* Info.plist */ = {isa = PBXFileReference; lastKnownFileType = text.plist.xml; path = Info.plist; sourceTree = "<group>"; };
		C718328D1C50B85F00388E02 /* Poli-Credible-ProtoTests.xctest */ = {isa = PBXFileReference; explicitFileType = wrapper.cfbundle; includeInIndex = 0; path = "Poli-Credible-ProtoTests.xctest"; sourceTree = BUILT_PRODUCTS_DIR; };
		C71832911C50B85F00388E02 /* Poli_Credible_ProtoTests.m */ = {isa = PBXFileReference; lastKnownFileType = sourcecode.c.objc; path = Poli_Credible_ProtoTests.m; sourceTree = "<group>"; };
		C71832931C50B85F00388E02 /* Info.plist */ = {isa = PBXFileReference; lastKnownFileType = text.plist.xml; path = Info.plist; sourceTree = "<group>"; };
		C71832981C50B85F00388E02 /* Poli-Credible-ProtoUITests.xctest */ = {isa = PBXFileReference; explicitFileType = wrapper.cfbundle; includeInIndex = 0; path = "Poli-Credible-ProtoUITests.xctest"; sourceTree = BUILT_PRODUCTS_DIR; };
		C718329C1C50B85F00388E02 /* Poli_Credible_ProtoUITests.m */ = {isa = PBXFileReference; lastKnownFileType = sourcecode.c.objc; path = Poli_Credible_ProtoUITests.m; sourceTree = "<group>"; };
		C718329E1C50B85F00388E02 /* Info.plist */ = {isa = PBXFileReference; lastKnownFileType = text.plist.xml; path = Info.plist; sourceTree = "<group>"; };
		C71832AA1C50BA0F00388E02 /* search-icon.png */ = {isa = PBXFileReference; lastKnownFileType = image.png; path = "search-icon.png"; sourceTree = "<group>"; };
		C71832AB1C50BA0F00388E02 /* UIBarButtonSearch_2x.png */ = {isa = PBXFileReference; lastKnownFileType = image.png; path = UIBarButtonSearch_2x.png; sourceTree = "<group>"; };
		C71832B11C513DFD00388E02 /* StateViewController.h */ = {isa = PBXFileReference; fileEncoding = 4; lastKnownFileType = sourcecode.c.h; path = StateViewController.h; sourceTree = "<group>"; };
		C71832B21C513DFD00388E02 /* StateViewController.m */ = {isa = PBXFileReference; fileEncoding = 4; lastKnownFileType = sourcecode.c.objc; path = StateViewController.m; sourceTree = "<group>"; };
		C71832B41C56554800388E02 /* Logo-1.png */ = {isa = PBXFileReference; lastKnownFileType = image.png; path = "Logo-1.png"; sourceTree = "<group>"; };
		C71832B61C567B9100388E02 /* ResultsViewController.h */ = {isa = PBXFileReference; fileEncoding = 4; lastKnownFileType = sourcecode.c.h; path = ResultsViewController.h; sourceTree = "<group>"; };
		C71832B71C567B9100388E02 /* ResultsViewController.m */ = {isa = PBXFileReference; fileEncoding = 4; lastKnownFileType = sourcecode.c.objc; path = ResultsViewController.m; sourceTree = "<group>"; };
		C71832B91C567D8900388E02 /* MemberDataClass.h */ = {isa = PBXFileReference; fileEncoding = 4; lastKnownFileType = sourcecode.c.h; path = MemberDataClass.h; sourceTree = "<group>"; };
		C71832BA1C567D8900388E02 /* MemberDataClass.m */ = {isa = PBXFileReference; fileEncoding = 4; lastKnownFileType = sourcecode.c.objc; path = MemberDataClass.m; sourceTree = "<group>"; };
		C71832BD1C56890A00388E02 /* HTTPManager.h */ = {isa = PBXFileReference; fileEncoding = 4; lastKnownFileType = sourcecode.c.h; path = HTTPManager.h; sourceTree = "<group>"; };
		C71832BE1C56890A00388E02 /* HTTPManager.m */ = {isa = PBXFileReference; fileEncoding = 4; lastKnownFileType = sourcecode.c.objc; path = HTTPManager.m; sourceTree = "<group>"; };
		C71832C01C57DB4A00388E02 /* ZipCodeViewController.h */ = {isa = PBXFileReference; fileEncoding = 4; lastKnownFileType = sourcecode.c.h; path = ZipCodeViewController.h; sourceTree = "<group>"; };
		C71832C11C57DB4A00388E02 /* ZipCodeViewController.m */ = {isa = PBXFileReference; fileEncoding = 4; lastKnownFileType = sourcecode.c.objc; path = ZipCodeViewController.m; sourceTree = "<group>"; };
		C71832C31C57DB7E00388E02 /* NameViewController.h */ = {isa = PBXFileReference; fileEncoding = 4; lastKnownFileType = sourcecode.c.h; path = NameViewController.h; sourceTree = "<group>"; };
		C71832C41C57DB7E00388E02 /* NameViewController.m */ = {isa = PBXFileReference; fileEncoding = 4; lastKnownFileType = sourcecode.c.objc; path = NameViewController.m; sourceTree = "<group>"; };
		C71832C61C59615B00388E02 /* FavoritesViewController.h */ = {isa = PBXFileReference; fileEncoding = 4; lastKnownFileType = sourcecode.c.h; path = FavoritesViewController.h; sourceTree = "<group>"; };
		C71832C71C59615B00388E02 /* FavoritesViewController.m */ = {isa = PBXFileReference; fileEncoding = 4; lastKnownFileType = sourcecode.c.objc; path = FavoritesViewController.m; sourceTree = "<group>"; };
		C71832C91C5994C700388E02 /* DetailViewController.h */ = {isa = PBXFileReference; fileEncoding = 4; lastKnownFileType = sourcecode.c.h; path = DetailViewController.h; sourceTree = "<group>"; };
		C71832CA1C5994C700388E02 /* DetailViewController.m */ = {isa = PBXFileReference; fileEncoding = 4; lastKnownFileType = sourcecode.c.objc; path = DetailViewController.m; sourceTree = "<group>"; };
		C71832CC1C5A4A2400388E02 /* Shelby-Image.jpg */ = {isa = PBXFileReference; lastKnownFileType = image.jpeg; path = "Shelby-Image.jpg"; sourceTree = "<group>"; };
		C7D5B2851C61BAC90092A5D5 /* bg-1.png */ = {isa = PBXFileReference; lastKnownFileType = image.png; path = "bg-1.png"; sourceTree = "<group>"; };
		C7D5B2871C61BDF70092A5D5 /* bg-2.png */ = {isa = PBXFileReference; lastKnownFileType = image.png; path = "bg-2.png"; sourceTree = "<group>"; };
		C7D5B2891C61CA170092A5D5 /* Logo-2.png */ = {isa = PBXFileReference; lastKnownFileType = image.png; path = "Logo-2.png"; sourceTree = "<group>"; };
		C7D5B2931C62967C0092A5D5 /* favorite-icon.png */ = {isa = PBXFileReference; lastKnownFileType = image.png; path = "favorite-icon.png"; sourceTree = "<group>"; };
		C7D5B2951C62978A0092A5D5 /* favorite-icon-b.png */ = {isa = PBXFileReference; lastKnownFileType = image.png; path = "favorite-icon-b.png"; sourceTree = "<group>"; };
		C7D5B2971C62E8710092A5D5 /* facebook-icon.png */ = {isa = PBXFileReference; lastKnownFileType = image.png; path = "facebook-icon.png"; sourceTree = "<group>"; };
		C7D5B2991C62EACC0092A5D5 /* twitter-icon.png */ = {isa = PBXFileReference; lastKnownFileType = image.png; path = "twitter-icon.png"; sourceTree = "<group>"; };
		C7D5B29B1C62ECE70092A5D5 /* mail-icon.png */ = {isa = PBXFileReference; lastKnownFileType = image.png; path = "mail-icon.png"; sourceTree = "<group>"; };
		C7D5B29F1C62F46F0092A5D5 /* phone-icon.png */ = {isa = PBXFileReference; lastKnownFileType = image.png; path = "phone-icon.png"; sourceTree = "<group>"; };
		C7D5B2A11C644D240092A5D5 /* MemberInfoViewController.h */ = {isa = PBXFileReference; fileEncoding = 4; lastKnownFileType = sourcecode.c.h; path = MemberInfoViewController.h; sourceTree = "<group>"; };
		C7D5B2A21C644D240092A5D5 /* MemberInfoViewController.m */ = {isa = PBXFileReference; fileEncoding = 4; lastKnownFileType = sourcecode.c.objc; path = MemberInfoViewController.m; sourceTree = "<group>"; };
		C7D5B38C1C6532680092A5D5 /* TFHpple.h */ = {isa = PBXFileReference; fileEncoding = 4; lastKnownFileType = sourcecode.c.h; path = TFHpple.h; sourceTree = "<group>"; };
		C7D5B38D1C6532680092A5D5 /* TFHpple.m */ = {isa = PBXFileReference; fileEncoding = 4; lastKnownFileType = sourcecode.c.objc; path = TFHpple.m; sourceTree = "<group>"; };
		C7D5B38E1C6532680092A5D5 /* TFHppleElement.h */ = {isa = PBXFileReference; fileEncoding = 4; lastKnownFileType = sourcecode.c.h; path = TFHppleElement.h; sourceTree = "<group>"; };
		C7D5B38F1C6532680092A5D5 /* TFHppleElement.m */ = {isa = PBXFileReference; fileEncoding = 4; lastKnownFileType = sourcecode.c.objc; path = TFHppleElement.m; sourceTree = "<group>"; };
		C7D5B3901C6532680092A5D5 /* XPathQuery.h */ = {isa = PBXFileReference; fileEncoding = 4; lastKnownFileType = sourcecode.c.h; path = XPathQuery.h; sourceTree = "<group>"; };
		C7D5B3911C6532680092A5D5 /* XPathQuery.m */ = {isa = PBXFileReference; fileEncoding = 4; lastKnownFileType = sourcecode.c.objc; path = XPathQuery.m; sourceTree = "<group>"; };
		C7D5B3971C6535330092A5D5 /* libxml2.tbd */ = {isa = PBXFileReference; lastKnownFileType = "sourcecode.text-based-dylib-definition"; name = libxml2.tbd; path = usr/lib/libxml2.tbd; sourceTree = SDKROOT; };
		C7D5B3991C6535E20092A5D5 /* RepBio.h */ = {isa = PBXFileReference; fileEncoding = 4; lastKnownFileType = sourcecode.c.h; path = RepBio.h; sourceTree = "<group>"; };
		C7D5B39A1C6535E20092A5D5 /* RepBio.m */ = {isa = PBXFileReference; fileEncoding = 4; lastKnownFileType = sourcecode.c.objc; path = RepBio.m; sourceTree = "<group>"; };
		C7D5B39C1C655EE80092A5D5 /* ContributionsViewController.h */ = {isa = PBXFileReference; fileEncoding = 4; lastKnownFileType = sourcecode.c.h; path = ContributionsViewController.h; sourceTree = "<group>"; };
		C7D5B39D1C655EE80092A5D5 /* ContributionsViewController.m */ = {isa = PBXFileReference; fileEncoding = 4; lastKnownFileType = sourcecode.c.objc; path = ContributionsViewController.m; sourceTree = "<group>"; };
		C7D5B39F1C6573CE0092A5D5 /* ContributorDataClass.h */ = {isa = PBXFileReference; fileEncoding = 4; lastKnownFileType = sourcecode.c.h; path = ContributorDataClass.h; sourceTree = "<group>"; };
		C7D5B3A01C6573CE0092A5D5 /* ContributorDataClass.m */ = {isa = PBXFileReference; fileEncoding = 4; lastKnownFileType = sourcecode.c.objc; path = ContributorDataClass.m; sourceTree = "<group>"; };
		C7D5B3A21C668CDA0092A5D5 /* addFavoriteIcon.png */ = {isa = PBXFileReference; lastKnownFileType = image.png; path = addFavoriteIcon.png; sourceTree = "<group>"; };
		C7D5B3A81C6784FF0092A5D5 /* VotesViewController.h */ = {isa = PBXFileReference; fileEncoding = 4; lastKnownFileType = sourcecode.c.h; path = VotesViewController.h; sourceTree = "<group>"; };
		C7D5B3A91C6784FF0092A5D5 /* VotesViewController.m */ = {isa = PBXFileReference; fileEncoding = 4; lastKnownFileType = sourcecode.c.objc; path = VotesViewController.m; sourceTree = "<group>"; };
		C7D5B3AE1C67FE7C0092A5D5 /* website-link.png */ = {isa = PBXFileReference; lastKnownFileType = image.png; path = "website-link.png"; sourceTree = "<group>"; };
		C7D5B3B01C68D0E70092A5D5 /* VoteDataClass.h */ = {isa = PBXFileReference; fileEncoding = 4; lastKnownFileType = sourcecode.c.h; path = VoteDataClass.h; sourceTree = "<group>"; };
		C7D5B3B11C68D0E70092A5D5 /* VoteDataClass.m */ = {isa = PBXFileReference; fileEncoding = 4; lastKnownFileType = sourcecode.c.objc; path = VoteDataClass.m; sourceTree = "<group>"; };
/* End PBXFileReference section */

/* Begin PBXFrameworksBuildPhase section */
		C718326E1C50B85F00388E02 /* Frameworks */ = {
			isa = PBXFrameworksBuildPhase;
			buildActionMask = 2147483647;
			files = (
				C7D5B3981C6535330092A5D5 /* libxml2.tbd in Frameworks */,
			);
			runOnlyForDeploymentPostprocessing = 0;
		};
		C718328A1C50B85F00388E02 /* Frameworks */ = {
			isa = PBXFrameworksBuildPhase;
			buildActionMask = 2147483647;
			files = (
			);
			runOnlyForDeploymentPostprocessing = 0;
		};
		C71832951C50B85F00388E02 /* Frameworks */ = {
			isa = PBXFrameworksBuildPhase;
			buildActionMask = 2147483647;
			files = (
			);
			runOnlyForDeploymentPostprocessing = 0;
		};
/* End PBXFrameworksBuildPhase section */

/* Begin PBXGroup section */
		C71832681C50B85F00388E02 = {
			isa = PBXGroup;
			children = (
				C7D5B3971C6535330092A5D5 /* libxml2.tbd */,
				C71832731C50B85F00388E02 /* Poli-Credible-Proto */,
				C71832901C50B85F00388E02 /* Poli-Credible-ProtoTests */,
				C718329B1C50B85F00388E02 /* Poli-Credible-ProtoUITests */,
				C71832721C50B85F00388E02 /* Products */,
			);
			sourceTree = "<group>";
		};
		C71832721C50B85F00388E02 /* Products */ = {
			isa = PBXGroup;
			children = (
				C71832711C50B85F00388E02 /* Poli-Credible-Proto.app */,
				C718328D1C50B85F00388E02 /* Poli-Credible-ProtoTests.xctest */,
				C71832981C50B85F00388E02 /* Poli-Credible-ProtoUITests.xctest */,
			);
			name = Products;
			sourceTree = "<group>";
		};
		C71832731C50B85F00388E02 /* Poli-Credible-Proto */ = {
			isa = PBXGroup;
			children = (
				C7D5B38B1C6531CD0092A5D5 /* hpple */,
				C7D5B38A1C6530F70092A5D5 /* DataModels */,
				C71832AE1C50BA1A00388E02 /* Images */,
				C7D5B3A41C67840F0092A5D5 /* DetailViews */,
				C71832771C50B85F00388E02 /* AppDelegate.h */,
				C71832781C50B85F00388E02 /* AppDelegate.m */,
				C718327A1C50B85F00388E02 /* ViewController.h */,
				C718327B1C50B85F00388E02 /* ViewController.m */,
				C718327D1C50B85F00388E02 /* Main.storyboard */,
				C71832831C50B85F00388E02 /* Assets.xcassets */,
				C71832851C50B85F00388E02 /* LaunchScreen.storyboard */,
				C71832881C50B85F00388E02 /* Info.plist */,
				C71832801C50B85F00388E02 /* Poli_Credible_Proto.xcdatamodeld */,
				C71832B11C513DFD00388E02 /* StateViewController.h */,
				C71832B21C513DFD00388E02 /* StateViewController.m */,
				C71832B61C567B9100388E02 /* ResultsViewController.h */,
				C71832B71C567B9100388E02 /* ResultsViewController.m */,
				C71832BD1C56890A00388E02 /* HTTPManager.h */,
				C71832BE1C56890A00388E02 /* HTTPManager.m */,
				C71832C01C57DB4A00388E02 /* ZipCodeViewController.h */,
				C71832C11C57DB4A00388E02 /* ZipCodeViewController.m */,
				C71832C31C57DB7E00388E02 /* NameViewController.h */,
				C71832C41C57DB7E00388E02 /* NameViewController.m */,
				C71832C61C59615B00388E02 /* FavoritesViewController.h */,
				C71832C71C59615B00388E02 /* FavoritesViewController.m */,
				C71832741C50B85F00388E02 /* Supporting Files */,
			);
			path = "Poli-Credible-Proto";
			sourceTree = "<group>";
		};
		C71832741C50B85F00388E02 /* Supporting Files */ = {
			isa = PBXGroup;
			children = (
				C71832751C50B85F00388E02 /* main.m */,
			);
			name = "Supporting Files";
			sourceTree = "<group>";
		};
		C71832901C50B85F00388E02 /* Poli-Credible-ProtoTests */ = {
			isa = PBXGroup;
			children = (
				C71832911C50B85F00388E02 /* Poli_Credible_ProtoTests.m */,
				C71832931C50B85F00388E02 /* Info.plist */,
			);
			path = "Poli-Credible-ProtoTests";
			sourceTree = "<group>";
		};
		C718329B1C50B85F00388E02 /* Poli-Credible-ProtoUITests */ = {
			isa = PBXGroup;
			children = (
				C718329C1C50B85F00388E02 /* Poli_Credible_ProtoUITests.m */,
				C718329E1C50B85F00388E02 /* Info.plist */,
			);
			path = "Poli-Credible-ProtoUITests";
			sourceTree = "<group>";
		};
		C71832AE1C50BA1A00388E02 /* Images */ = {
			isa = PBXGroup;
			children = (
				C7D5B3AE1C67FE7C0092A5D5 /* website-link.png */,
				C7D5B3A21C668CDA0092A5D5 /* addFavoriteIcon.png */,
				C7D5B2991C62EACC0092A5D5 /* twitter-icon.png */,
				C7D5B29F1C62F46F0092A5D5 /* phone-icon.png */,
				C7D5B29B1C62ECE70092A5D5 /* mail-icon.png */,
				C7D5B2971C62E8710092A5D5 /* facebook-icon.png */,
				C7D5B2851C61BAC90092A5D5 /* bg-1.png */,
				C7D5B2931C62967C0092A5D5 /* favorite-icon.png */,
				C7D5B2951C62978A0092A5D5 /* favorite-icon-b.png */,
				C7D5B2871C61BDF70092A5D5 /* bg-2.png */,
				C71832CC1C5A4A2400388E02 /* Shelby-Image.jpg */,
				C71832B41C56554800388E02 /* Logo-1.png */,
				C7D5B2891C61CA170092A5D5 /* Logo-2.png */,
				C71832AA1C50BA0F00388E02 /* search-icon.png */,
				C71832AB1C50BA0F00388E02 /* UIBarButtonSearch_2x.png */,
			);
			name = Images;
			sourceTree = "<group>";
		};
		C7D5B38A1C6530F70092A5D5 /* DataModels */ = {
			isa = PBXGroup;
			children = (
				C71832B91C567D8900388E02 /* MemberDataClass.h */,
				C71832BA1C567D8900388E02 /* MemberDataClass.m */,
				C7D5B3991C6535E20092A5D5 /* RepBio.h */,
				C7D5B39A1C6535E20092A5D5 /* RepBio.m */,
				C7D5B39F1C6573CE0092A5D5 /* ContributorDataClass.h */,
				C7D5B3A01C6573CE0092A5D5 /* ContributorDataClass.m */,
				C7D5B3B01C68D0E70092A5D5 /* VoteDataClass.h */,
				C7D5B3B11C68D0E70092A5D5 /* VoteDataClass.m */,
			);
			name = DataModels;
			sourceTree = "<group>";
		};
		C7D5B38B1C6531CD0092A5D5 /* hpple */ = {
			isa = PBXGroup;
			children = (
				C7D5B38C1C6532680092A5D5 /* TFHpple.h */,
				C7D5B38D1C6532680092A5D5 /* TFHpple.m */,
				C7D5B38E1C6532680092A5D5 /* TFHppleElement.h */,
				C7D5B38F1C6532680092A5D5 /* TFHppleElement.m */,
				C7D5B3901C6532680092A5D5 /* XPathQuery.h */,
				C7D5B3911C6532680092A5D5 /* XPathQuery.m */,
			);
			name = hpple;
			sourceTree = "<group>";
		};
		C7D5B3A41C67840F0092A5D5 /* DetailViews */ = {
			isa = PBXGroup;
			children = (
				C7D5B2A11C644D240092A5D5 /* MemberInfoViewController.h */,
				C7D5B2A21C644D240092A5D5 /* MemberInfoViewController.m */,
				C71832C91C5994C700388E02 /* DetailViewController.h */,
				C71832CA1C5994C700388E02 /* DetailViewController.m */,
				C7D5B39C1C655EE80092A5D5 /* ContributionsViewController.h */,
				C7D5B39D1C655EE80092A5D5 /* ContributionsViewController.m */,
				C7D5B3A81C6784FF0092A5D5 /* VotesViewController.h */,
				C7D5B3A91C6784FF0092A5D5 /* VotesViewController.m */,
			);
			name = DetailViews;
			sourceTree = "<group>";
		};
/* End PBXGroup section */

/* Begin PBXNativeTarget section */
		C71832701C50B85F00388E02 /* Poli-Credible-Proto */ = {
			isa = PBXNativeTarget;
			buildConfigurationList = C71832A11C50B85F00388E02 /* Build configuration list for PBXNativeTarget "Poli-Credible-Proto" */;
			buildPhases = (
				C718326D1C50B85F00388E02 /* Sources */,
				C718326E1C50B85F00388E02 /* Frameworks */,
				C718326F1C50B85F00388E02 /* Resources */,
			);
			buildRules = (
			);
			dependencies = (
			);
			name = "Poli-Credible-Proto";
			productName = "Poli-Credible-Proto";
			productReference = C71832711C50B85F00388E02 /* Poli-Credible-Proto.app */;
			productType = "com.apple.product-type.application";
		};
		C718328C1C50B85F00388E02 /* Poli-Credible-ProtoTests */ = {
			isa = PBXNativeTarget;
			buildConfigurationList = C71832A41C50B85F00388E02 /* Build configuration list for PBXNativeTarget "Poli-Credible-ProtoTests" */;
			buildPhases = (
				C71832891C50B85F00388E02 /* Sources */,
				C718328A1C50B85F00388E02 /* Frameworks */,
				C718328B1C50B85F00388E02 /* Resources */,
			);
			buildRules = (
			);
			dependencies = (
				C718328F1C50B85F00388E02 /* PBXTargetDependency */,
			);
			name = "Poli-Credible-ProtoTests";
			productName = "Poli-Credible-ProtoTests";
			productReference = C718328D1C50B85F00388E02 /* Poli-Credible-ProtoTests.xctest */;
			productType = "com.apple.product-type.bundle.unit-test";
		};
		C71832971C50B85F00388E02 /* Poli-Credible-ProtoUITests */ = {
			isa = PBXNativeTarget;
			buildConfigurationList = C71832A71C50B85F00388E02 /* Build configuration list for PBXNativeTarget "Poli-Credible-ProtoUITests" */;
			buildPhases = (
				C71832941C50B85F00388E02 /* Sources */,
				C71832951C50B85F00388E02 /* Frameworks */,
				C71832961C50B85F00388E02 /* Resources */,
			);
			buildRules = (
			);
			dependencies = (
				C718329A1C50B85F00388E02 /* PBXTargetDependency */,
			);
			name = "Poli-Credible-ProtoUITests";
			productName = "Poli-Credible-ProtoUITests";
			productReference = C71832981C50B85F00388E02 /* Poli-Credible-ProtoUITests.xctest */;
			productType = "com.apple.product-type.bundle.ui-testing";
		};
/* End PBXNativeTarget section */

/* Begin PBXProject section */
		C71832691C50B85F00388E02 /* Project object */ = {
			isa = PBXProject;
			attributes = {
				LastUpgradeCheck = 0720;
				ORGANIZATIONNAME = "Robert Brooks";
				TargetAttributes = {
					C71832701C50B85F00388E02 = {
						CreatedOnToolsVersion = 7.2;
						DevelopmentTeam = NEDUKB8W3F;
					};
					C718328C1C50B85F00388E02 = {
						CreatedOnToolsVersion = 7.2;
						TestTargetID = C71832701C50B85F00388E02;
					};
					C71832971C50B85F00388E02 = {
						CreatedOnToolsVersion = 7.2;
						TestTargetID = C71832701C50B85F00388E02;
					};
				};
			};
			buildConfigurationList = C718326C1C50B85F00388E02 /* Build configuration list for PBXProject "Poli-Credible-Proto" */;
			compatibilityVersion = "Xcode 3.2";
			developmentRegion = English;
			hasScannedForEncodings = 0;
			knownRegions = (
				en,
				Base,
			);
			mainGroup = C71832681C50B85F00388E02;
			productRefGroup = C71832721C50B85F00388E02 /* Products */;
			projectDirPath = "";
			projectRoot = "";
			targets = (
				C71832701C50B85F00388E02 /* Poli-Credible-Proto */,
				C718328C1C50B85F00388E02 /* Poli-Credible-ProtoTests */,
				C71832971C50B85F00388E02 /* Poli-Credible-ProtoUITests */,
			);
		};
/* End PBXProject section */

/* Begin PBXResourcesBuildPhase section */
		C718326F1C50B85F00388E02 /* Resources */ = {
			isa = PBXResourcesBuildPhase;
			buildActionMask = 2147483647;
			files = (
				C71832871C50B85F00388E02 /* LaunchScreen.storyboard in Resources */,
				C7D5B2A01C62F46F0092A5D5 /* phone-icon.png in Resources */,
				C7D5B2961C62978A0092A5D5 /* favorite-icon-b.png in Resources */,
				C7D5B2941C62967C0092A5D5 /* favorite-icon.png in Resources */,
				C7D5B28A1C61CA170092A5D5 /* Logo-2.png in Resources */,
				C7D5B29A1C62EACC0092A5D5 /* twitter-icon.png in Resources */,
				C71832841C50B85F00388E02 /* Assets.xcassets in Resources */,
				C7D5B2881C61BDF70092A5D5 /* bg-2.png in Resources */,
				C7D5B2861C61BAC90092A5D5 /* bg-1.png in Resources */,
				C71832CD1C5A4A2400388E02 /* Shelby-Image.jpg in Resources */,
				C7D5B2981C62E8710092A5D5 /* facebook-icon.png in Resources */,
				C7D5B3AF1C67FE7C0092A5D5 /* website-link.png in Resources */,
				C71832AC1C50BA0F00388E02 /* search-icon.png in Resources */,
				C718327F1C50B85F00388E02 /* Main.storyboard in Resources */,
				C7D5B3A31C668CDA0092A5D5 /* addFavoriteIcon.png in Resources */,
				C71832B51C56554800388E02 /* Logo-1.png in Resources */,
				C71832AD1C50BA0F00388E02 /* UIBarButtonSearch_2x.png in Resources */,
				C7D5B29C1C62ECE70092A5D5 /* mail-icon.png in Resources */,
			);
			runOnlyForDeploymentPostprocessing = 0;
		};
		C718328B1C50B85F00388E02 /* Resources */ = {
			isa = PBXResourcesBuildPhase;
			buildActionMask = 2147483647;
			files = (
			);
			runOnlyForDeploymentPostprocessing = 0;
		};
		C71832961C50B85F00388E02 /* Resources */ = {
			isa = PBXResourcesBuildPhase;
			buildActionMask = 2147483647;
			files = (
			);
			runOnlyForDeploymentPostprocessing = 0;
		};
/* End PBXResourcesBuildPhase section */

/* Begin PBXSourcesBuildPhase section */
		C718326D1C50B85F00388E02 /* Sources */ = {
			isa = PBXSourcesBuildPhase;
			buildActionMask = 2147483647;
			files = (
				C71832821C50B85F00388E02 /* Poli_Credible_Proto.xcdatamodeld in Sources */,
				C718327C1C50B85F00388E02 /* ViewController.m in Sources */,
				C7D5B3A11C6573CE0092A5D5 /* ContributorDataClass.m in Sources */,
				C7D5B3941C6532680092A5D5 /* XPathQuery.m in Sources */,
				C71832791C50B85F00388E02 /* AppDelegate.m in Sources */,
				C7D5B3921C6532680092A5D5 /* TFHpple.m in Sources */,
				C71832BF1C56890A00388E02 /* HTTPManager.m in Sources */,
				C7D5B3B21C68D0E70092A5D5 /* VoteDataClass.m in Sources */,
				C71832C21C57DB4A00388E02 /* ZipCodeViewController.m in Sources */,
				C71832B81C567B9100388E02 /* ResultsViewController.m in Sources */,
				C71832BB1C567D8900388E02 /* MemberDataClass.m in Sources */,
				C7D5B2A31C644D240092A5D5 /* MemberInfoViewController.m in Sources */,
				C7D5B3931C6532680092A5D5 /* TFHppleElement.m in Sources */,
				C7D5B3AA1C6784FF0092A5D5 /* VotesViewController.m in Sources */,
				C71832C51C57DB7E00388E02 /* NameViewController.m in Sources */,
				C7D5B39E1C655EE80092A5D5 /* ContributionsViewController.m in Sources */,
				C71832C81C59615B00388E02 /* FavoritesViewController.m in Sources */,
				C7D5B39B1C6535E20092A5D5 /* RepBio.m in Sources */,
				C71832761C50B85F00388E02 /* main.m in Sources */,
				C71832B31C513DFD00388E02 /* StateViewController.m in Sources */,
				C71832CB1C5994C700388E02 /* DetailViewController.m in Sources */,
			);
			runOnlyForDeploymentPostprocessing = 0;
		};
		C71832891C50B85F00388E02 /* Sources */ = {
			isa = PBXSourcesBuildPhase;
			buildActionMask = 2147483647;
			files = (
				C71832921C50B85F00388E02 /* Poli_Credible_ProtoTests.m in Sources */,
			);
			runOnlyForDeploymentPostprocessing = 0;
		};
		C71832941C50B85F00388E02 /* Sources */ = {
			isa = PBXSourcesBuildPhase;
			buildActionMask = 2147483647;
			files = (
				C718329D1C50B85F00388E02 /* Poli_Credible_ProtoUITests.m in Sources */,
			);
			runOnlyForDeploymentPostprocessing = 0;
		};
/* End PBXSourcesBuildPhase section */

/* Begin PBXTargetDependency section */
		C718328F1C50B85F00388E02 /* PBXTargetDependency */ = {
			isa = PBXTargetDependency;
			target = C71832701C50B85F00388E02 /* Poli-Credible-Proto */;
			targetProxy = C718328E1C50B85F00388E02 /* PBXContainerItemProxy */;
		};
		C718329A1C50B85F00388E02 /* PBXTargetDependency */ = {
			isa = PBXTargetDependency;
			target = C71832701C50B85F00388E02 /* Poli-Credible-Proto */;
			targetProxy = C71832991C50B85F00388E02 /* PBXContainerItemProxy */;
		};
/* End PBXTargetDependency section */

/* Begin PBXVariantGroup section */
		C718327D1C50B85F00388E02 /* Main.storyboard */ = {
			isa = PBXVariantGroup;
			children = (
				C718327E1C50B85F00388E02 /* Base */,
			);
			name = Main.storyboard;
			sourceTree = "<group>";
		};
		C71832851C50B85F00388E02 /* LaunchScreen.storyboard */ = {
			isa = PBXVariantGroup;
			children = (
				C71832861C50B85F00388E02 /* Base */,
			);
			name = LaunchScreen.storyboard;
			sourceTree = "<group>";
		};
/* End PBXVariantGroup section */

/* Begin XCBuildConfiguration section */
		C718329F1C50B85F00388E02 /* Debug */ = {
			isa = XCBuildConfiguration;
			buildSettings = {
				ALWAYS_SEARCH_USER_PATHS = NO;
				CLANG_CXX_LANGUAGE_STANDARD = "gnu++0x";
				CLANG_CXX_LIBRARY = "libc++";
				CLANG_ENABLE_MODULES = YES;
				CLANG_ENABLE_OBJC_ARC = YES;
				CLANG_WARN_BOOL_CONVERSION = YES;
				CLANG_WARN_CONSTANT_CONVERSION = YES;
				CLANG_WARN_DIRECT_OBJC_ISA_USAGE = YES_ERROR;
				CLANG_WARN_EMPTY_BODY = YES;
				CLANG_WARN_ENUM_CONVERSION = YES;
				CLANG_WARN_INT_CONVERSION = YES;
				CLANG_WARN_OBJC_ROOT_CLASS = YES_ERROR;
				CLANG_WARN_UNREACHABLE_CODE = YES;
				CLANG_WARN__DUPLICATE_METHOD_MATCH = YES;
				"CODE_SIGN_IDENTITY[sdk=iphoneos*]" = "iPhone Developer";
				COPY_PHASE_STRIP = NO;
				DEBUG_INFORMATION_FORMAT = dwarf;
				ENABLE_STRICT_OBJC_MSGSEND = YES;
				ENABLE_TESTABILITY = YES;
				GCC_C_LANGUAGE_STANDARD = gnu99;
				GCC_DYNAMIC_NO_PIC = NO;
				GCC_NO_COMMON_BLOCKS = YES;
				GCC_OPTIMIZATION_LEVEL = 0;
				GCC_PREPROCESSOR_DEFINITIONS = (
					"DEBUG=1",
					"$(inherited)",
				);
				GCC_WARN_64_TO_32_BIT_CONVERSION = YES;
				GCC_WARN_ABOUT_RETURN_TYPE = YES_ERROR;
				GCC_WARN_UNDECLARED_SELECTOR = YES;
				GCC_WARN_UNINITIALIZED_AUTOS = YES_AGGRESSIVE;
				GCC_WARN_UNUSED_FUNCTION = YES;
				GCC_WARN_UNUSED_VARIABLE = YES;
				IPHONEOS_DEPLOYMENT_TARGET = 9.2;
				MTL_ENABLE_DEBUG_INFO = YES;
				ONLY_ACTIVE_ARCH = YES;
				SDKROOT = iphoneos;
				TARGETED_DEVICE_FAMILY = "1,2";
			};
			name = Debug;
		};
		C71832A01C50B85F00388E02 /* Release */ = {
			isa = XCBuildConfiguration;
			buildSettings = {
				ALWAYS_SEARCH_USER_PATHS = NO;
				CLANG_CXX_LANGUAGE_STANDARD = "gnu++0x";
				CLANG_CXX_LIBRARY = "libc++";
				CLANG_ENABLE_MODULES = YES;
				CLANG_ENABLE_OBJC_ARC = YES;
				CLANG_WARN_BOOL_CONVERSION = YES;
				CLANG_WARN_CONSTANT_CONVERSION = YES;
				CLANG_WARN_DIRECT_OBJC_ISA_USAGE = YES_ERROR;
				CLANG_WARN_EMPTY_BODY = YES;
				CLANG_WARN_ENUM_CONVERSION = YES;
				CLANG_WARN_INT_CONVERSION = YES;
				CLANG_WARN_OBJC_ROOT_CLASS = YES_ERROR;
				CLANG_WARN_UNREACHABLE_CODE = YES;
				CLANG_WARN__DUPLICATE_METHOD_MATCH = YES;
				"CODE_SIGN_IDENTITY[sdk=iphoneos*]" = "iPhone Developer";
				COPY_PHASE_STRIP = NO;
				DEBUG_INFORMATION_FORMAT = "dwarf-with-dsym";
				ENABLE_NS_ASSERTIONS = NO;
				ENABLE_STRICT_OBJC_MSGSEND = YES;
				GCC_C_LANGUAGE_STANDARD = gnu99;
				GCC_NO_COMMON_BLOCKS = YES;
				GCC_WARN_64_TO_32_BIT_CONVERSION = YES;
				GCC_WARN_ABOUT_RETURN_TYPE = YES_ERROR;
				GCC_WARN_UNDECLARED_SELECTOR = YES;
				GCC_WARN_UNINITIALIZED_AUTOS = YES_AGGRESSIVE;
				GCC_WARN_UNUSED_FUNCTION = YES;
				GCC_WARN_UNUSED_VARIABLE = YES;
				IPHONEOS_DEPLOYMENT_TARGET = 9.2;
				MTL_ENABLE_DEBUG_INFO = NO;
				SDKROOT = iphoneos;
				TARGETED_DEVICE_FAMILY = "1,2";
				VALIDATE_PRODUCT = YES;
			};
			name = Release;
		};
		C71832A21C50B85F00388E02 /* Debug */ = {
			isa = XCBuildConfiguration;
			buildSettings = {
				ASSETCATALOG_COMPILER_APPICON_NAME = AppIcon;
				CODE_SIGN_IDENTITY = "iPhone Developer";
				HEADER_SEARCH_PATHS = "$(SDKROOT)/usr/include/libxml2";
				INFOPLIST_FILE = "Poli-Credible-Proto/Info.plist";
				LD_RUNPATH_SEARCH_PATHS = "$(inherited) @executable_path/Frameworks";
				PRODUCT_BUNDLE_IDENTIFIER = "com.robertbrooks.Poli-Credible-Proto";
				PRODUCT_NAME = "$(TARGET_NAME)";
			};
			name = Debug;
		};
		C71832A31C50B85F00388E02 /* Release */ = {
			isa = XCBuildConfiguration;
			buildSettings = {
				ASSETCATALOG_COMPILER_APPICON_NAME = AppIcon;
				CODE_SIGN_IDENTITY = "iPhone Developer";
				HEADER_SEARCH_PATHS = "$(SDKROOT)/usr/include/libxml2";
				INFOPLIST_FILE = "Poli-Credible-Proto/Info.plist";
				LD_RUNPATH_SEARCH_PATHS = "$(inherited) @executable_path/Frameworks";
				PRODUCT_BUNDLE_IDENTIFIER = "com.robertbrooks.Poli-Credible-Proto";
				PRODUCT_NAME = "$(TARGET_NAME)";
			};
			name = Release;
		};
		C71832A51C50B85F00388E02 /* Debug */ = {
			isa = XCBuildConfiguration;
			buildSettings = {
				BUNDLE_LOADER = "$(TEST_HOST)";
				INFOPLIST_FILE = "Poli-Credible-ProtoTests/Info.plist";
				LD_RUNPATH_SEARCH_PATHS = "$(inherited) @executable_path/Frameworks @loader_path/Frameworks";
				PRODUCT_BUNDLE_IDENTIFIER = "com.robertbrooks.Poli-Credible-ProtoTests";
				PRODUCT_NAME = "$(TARGET_NAME)";
				TEST_HOST = "$(BUILT_PRODUCTS_DIR)/Poli-Credible-Proto.app/Poli-Credible-Proto";
			};
			name = Debug;
		};
		C71832A61C50B85F00388E02 /* Release */ = {
			isa = XCBuildConfiguration;
			buildSettings = {
				BUNDLE_LOADER = "$(TEST_HOST)";
				INFOPLIST_FILE = "Poli-Credible-ProtoTests/Info.plist";
				LD_RUNPATH_SEARCH_PATHS = "$(inherited) @executable_path/Frameworks @loader_path/Frameworks";
				PRODUCT_BUNDLE_IDENTIFIER = "com.robertbrooks.Poli-Credible-ProtoTests";
				PRODUCT_NAME = "$(TARGET_NAME)";
				TEST_HOST = "$(BUILT_PRODUCTS_DIR)/Poli-Credible-Proto.app/Poli-Credible-Proto";
			};
			name = Release;
		};
		C71832A81C50B85F00388E02 /* Debug */ = {
			isa = XCBuildConfiguration;
			buildSettings = {
				INFOPLIST_FILE = "Poli-Credible-ProtoUITests/Info.plist";
				LD_RUNPATH_SEARCH_PATHS = "$(inherited) @executable_path/Frameworks @loader_path/Frameworks";
				PRODUCT_BUNDLE_IDENTIFIER = "com.robertbrooks.Poli-Credible-ProtoUITests";
				PRODUCT_NAME = "$(TARGET_NAME)";
				TEST_TARGET_NAME = "Poli-Credible-Proto";
				USES_XCTRUNNER = YES;
			};
			name = Debug;
		};
		C71832A91C50B85F00388E02 /* Release */ = {
			isa = XCBuildConfiguration;
			buildSettings = {
				INFOPLIST_FILE = "Poli-Credible-ProtoUITests/Info.plist";
				LD_RUNPATH_SEARCH_PATHS = "$(inherited) @executable_path/Frameworks @loader_path/Frameworks";
				PRODUCT_BUNDLE_IDENTIFIER = "com.robertbrooks.Poli-Credible-ProtoUITests";
				PRODUCT_NAME = "$(TARGET_NAME)";
				TEST_TARGET_NAME = "Poli-Credible-Proto";
				USES_XCTRUNNER = YES;
			};
			name = Release;
		};
/* End XCBuildConfiguration section */

/* Begin XCConfigurationList section */
		C718326C1C50B85F00388E02 /* Build configuration list for PBXProject "Poli-Credible-Proto" */ = {
			isa = XCConfigurationList;
			buildConfigurations = (
				C718329F1C50B85F00388E02 /* Debug */,
				C71832A01C50B85F00388E02 /* Release */,
			);
			defaultConfigurationIsVisible = 0;
			defaultConfigurationName = Release;
		};
		C71832A11C50B85F00388E02 /* Build configuration list for PBXNativeTarget "Poli-Credible-Proto" */ = {
			isa = XCConfigurationList;
			buildConfigurations = (
				C71832A21C50B85F00388E02 /* Debug */,
				C71832A31C50B85F00388E02 /* Release */,
			);
			defaultConfigurationIsVisible = 0;
			defaultConfigurationName = Release;
		};
		C71832A41C50B85F00388E02 /* Build configuration list for PBXNativeTarget "Poli-Credible-ProtoTests" */ = {
			isa = XCConfigurationList;
			buildConfigurations = (
				C71832A51C50B85F00388E02 /* Debug */,
				C71832A61C50B85F00388E02 /* Release */,
			);
			defaultConfigurationIsVisible = 0;
			defaultConfigurationName = Release;
		};
		C71832A71C50B85F00388E02 /* Build configuration list for PBXNativeTarget "Poli-Credible-ProtoUITests" */ = {
			isa = XCConfigurationList;
			buildConfigurations = (
				C71832A81C50B85F00388E02 /* Debug */,
				C71832A91C50B85F00388E02 /* Release */,
			);
			defaultConfigurationIsVisible = 0;
			defaultConfigurationName = Release;
		};
/* End XCConfigurationList section */

/* Begin XCVersionGroup section */
		C71832801C50B85F00388E02 /* Poli_Credible_Proto.xcdatamodeld */ = {
			isa = XCVersionGroup;
			children = (
				C71832811C50B85F00388E02 /* Poli_Credible_Proto.xcdatamodel */,
			);
			currentVersion = C71832811C50B85F00388E02 /* Poli_Credible_Proto.xcdatamodel */;
			path = Poli_Credible_Proto.xcdatamodeld;
			sourceTree = "<group>";
			versionGroupType = wrapper.xcdatamodel;
		};
/* End XCVersionGroup section */
	};
	rootObject = C71832691C50B85F00388E02 /* Project object */;
}
