// !$*UTF8*$!
{
	archiveVersion = 1;
	classes = {
	};
	objectVersion = 46;
	objects = {

/* Begin PBXBuildFile section */
		C71832761C50B85F00388E02 /* main.m in Sources */ = {isa = PBXBuildFile; fileRef = C71832751C50B85F00388E02 /* main.m */; };
		C71832791C50B85F00388E02 /* AppDelegate.m in Sources */ = {isa = PBXBuildFile; fileRef = C71832781C50B85F00388E02 /* AppDelegate.m */; };
		C718327C1C50B85F00388E02 /* ViewController.m in Sources */ = {isa = PBXBuildFile; fileRef = C718327B1C50B85F00388E02 /* ViewController.m */; };
		C718327F1C50B85F00388E02 /* Main.storyboard in Resources */ = {isa = PBXBuildFile; fileRef = C718327D1C50B85F00388E02 /* Main.storyboard */; };
		C71832821C50B85F00388E02 /* Poli_Credible_Proto.xcdatamodeld in Sources */ = {isa = PBXBuildFile; fileRef = C71832801C50B85F00388E02 /* Poli_Credible_Proto.xcdatamodeld */; };
		C71832841C50B85F00388E02 /* Assets.xcassets in Resources */ = {isa = PBXBuildFile; fileRef = C71832831C50B85F00388E02 /* Assets.xcassets */; };
		C71832871C50B85F00388E02 /* LaunchScreen.storyboard in Resources */ = {isa = PBXBuildFile; fileRef = C71832851C50B85F00388E02 /* LaunchScreen.storyboard */; };
		C71832921C50B85F00388E02 /* Poli_Credible_ProtoTests.m in Sources */ = {isa = PBXBuildFile; fileRef = C71832911C50B85F00388E02 /* Poli_Credible_ProtoTests.m */; };
		C718329D1C50B85F00388E02 /* Poli_Credible_ProtoUITests.m in Sources */ = {isa = PBXBuildFile; fileRef = C718329C1C50B85F00388E02 /* Poli_Credible_ProtoUITests.m */; };
		C71832AC1C50BA0F00388E02 /* search-icon.png in Resources */ = {isa = PBXBuildFile; fileRef = C71832AA1C50BA0F00388E02 /* search-icon.png */; };
		C71832AD1C50BA0F00388E02 /* UIBarButtonSearch_2x.png in Resources */ = {isa = PBXBuildFile; fileRef = C71832AB1C50BA0F00388E02 /* UIBarButtonSearch_2x.png */; };
		C71832B31C513DFD00388E02 /* StateViewController.m in Sources */ = {isa = PBXBuildFile; fileRef = C71832B21C513DFD00388E02 /* StateViewController.m */; };
		C71832B51C56554800388E02 /* Logo-1.png in Resources */ = {isa = PBXBuildFile; fileRef = C71832B41C56554800388E02 /* Logo-1.png */; };
		C71832B81C567B9100388E02 /* ResultsViewController.m in Sources */ = {isa = PBXBuildFile; fileRef = C71832B71C567B9100388E02 /* ResultsViewController.m */; };
		C71832BB1C567D8900388E02 /* MemberDataClass.m in Sources */ = {isa = PBXBuildFile; fileRef = C71832BA1C567D8900388E02 /* MemberDataClass.m */; };
		C71832BF1C56890A00388E02 /* HTTPManager.m in Sources */ = {isa = PBXBuildFile; fileRef = C71832BE1C56890A00388E02 /* HTTPManager.m */; };
		C71832C21C57DB4A00388E02 /* ZipCodeViewController.m in Sources */ = {isa = PBXBuildFile; fileRef = C71832C11C57DB4A00388E02 /* ZipCodeViewController.m */; };
		C71832C51C57DB7E00388E02 /* NameViewController.m in Sources */ = {isa = PBXBuildFile; fileRef = C71832C41C57DB7E00388E02 /* NameViewController.m */; };
		C71832C81C59615B00388E02 /* FavoritesViewController.m in Sources */ = {isa = PBXBuildFile; fileRef = C71832C71C59615B00388E02 /* FavoritesViewController.m */; };
		C71832CB1C5994C700388E02 /* DetailViewController.m in Sources */ = {isa = PBXBuildFile; fileRef = C71832CA1C5994C700388E02 /* DetailViewController.m */; };
		C71832CD1C5A4A2400388E02 /* Shelby-Image.jpg in Resources */ = {isa = PBXBuildFile; fileRef = C71832CC1C5A4A2400388E02 /* Shelby-Image.jpg */; };
		C7334F471C6E4FAC00449CD3 /* FundraisingDataClass.m in Sources */ = {isa = PBXBuildFile; fileRef = C7334F461C6E4FAC00449CD3 /* FundraisingDataClass.m */; };
		C7334F4A1C6E5BA200449CD3 /* CustomFundraisingCell.m in Sources */ = {isa = PBXBuildFile; fileRef = C7334F491C6E5BA200449CD3 /* CustomFundraisingCell.m */; };
		C7D5B2861C61BAC90092A5D5 /* bg-1.png in Resources */ = {isa = PBXBuildFile; fileRef = C7D5B2851C61BAC90092A5D5 /* bg-1.png */; };
		C7D5B2881C61BDF70092A5D5 /* bg-2.png in Resources */ = {isa = PBXBuildFile; fileRef = C7D5B2871C61BDF70092A5D5 /* bg-2.png */; };
		C7D5B28A1C61CA170092A5D5 /* Logo-2.png in Resources */ = {isa = PBXBuildFile; fileRef = C7D5B2891C61CA170092A5D5 /* Logo-2.png */; };
		C7D5B2941C62967C0092A5D5 /* favorite-icon.png in Resources */ = {isa = PBXBuildFile; fileRef = C7D5B2931C62967C0092A5D5 /* favorite-icon.png */; };
		C7D5B2961C62978A0092A5D5 /* favorite-icon-b.png in Resources */ = {isa = PBXBuildFile; fileRef = C7D5B2951C62978A0092A5D5 /* favorite-icon-b.png */; };
		C7D5B2981C62E8710092A5D5 /* facebook-icon.png in Resources */ = {isa = PBXBuildFile; fileRef = C7D5B2971C62E8710092A5D5 /* facebook-icon.png */; };
		C7D5B29A1C62EACC0092A5D5 /* twitter-icon.png in Resources */ = {isa = PBXBuildFile; fileRef = C7D5B2991C62EACC0092A5D5 /* twitter-icon.png */; };
		C7D5B29C1C62ECE70092A5D5 /* mail-icon.png in Resources */ = {isa = PBXBuildFile; fileRef = C7D5B29B1C62ECE70092A5D5 /* mail-icon.png */; };
		C7D5B2A01C62F46F0092A5D5 /* phone-icon.png in Resources */ = {isa = PBXBuildFile; fileRef = C7D5B29F1C62F46F0092A5D5 /* phone-icon.png */; };
		C7D5B2A31C644D240092A5D5 /* MemberInfoViewController.m in Sources */ = {isa = PBXBuildFile; fileRef = C7D5B2A21C644D240092A5D5 /* MemberInfoViewController.m */; };
		C7D5B3921C6532680092A5D5 /* TFHpple.m in Sources */ = {isa = PBXBuildFile; fileRef = C7D5B38D1C6532680092A5D5 /* TFHpple.m */; };
		C7D5B3931C6532680092A5D5 /* TFHppleElement.m in Sources */ = {isa = PBXBuildFile; fileRef = C7D5B38F1C6532680092A5D5 /* TFHppleElement.m */; };
		C7D5B3941C6532680092A5D5 /* XPathQuery.m in Sources */ = {isa = PBXBuildFile; fileRef = C7D5B3911C6532680092A5D5 /* XPathQuery.m */; };
		C7D5B3981C6535330092A5D5 /* libxml2.tbd in Frameworks */ = {isa = PBXBuildFile; fileRef = C7D5B3971C6535330092A5D5 /* libxml2.tbd */; };
		C7D5B39B1C6535E20092A5D5 /* RepBio.m in Sources */ = {isa = PBXBuildFile; fileRef = C7D5B39A1C6535E20092A5D5 /* RepBio.m */; };
		C7D5B39E1C655EE80092A5D5 /* ContributionsViewController.m in Sources */ = {isa = PBXBuildFile; fileRef = C7D5B39D1C655EE80092A5D5 /* ContributionsViewController.m */; };
		C7D5B3A11C6573CE0092A5D5 /* ContributorDataClass.m in Sources */ = {isa = PBXBuildFile; fileRef = C7D5B3A01C6573CE0092A5D5 /* ContributorDataClass.m */; };
		C7D5B3A31C668CDA0092A5D5 /* addFavoriteIcon.png in Resources */ = {isa = PBXBuildFile; fileRef = C7D5B3A21C668CDA0092A5D5 /* addFavoriteIcon.png */; };
		C7D5B3AA1C6784FF0092A5D5 /* VotesViewController.m in Sources */ = {isa = PBXBuildFile; fileRef = C7D5B3A91C6784FF0092A5D5 /* VotesViewController.m */; };
		C7D5B3AF1C67FE7C0092A5D5 /* website-link.png in Resources */ = {isa = PBXBuildFile; fileRef = C7D5B3AE1C67FE7C0092A5D5 /* website-link.png */; };
		C7D5B3B21C68D0E70092A5D5 /* VoteDataClass.m in Sources */ = {isa = PBXBuildFile; fileRef = C7D5B3B11C68D0E70092A5D5 /* VoteDataClass.m */; };
		C7D5B3B51C68DFD20092A5D5 /* CustomVoteCell.m in Sources */ = {isa = PBXBuildFile; fileRef = C7D5B3B41C68DFD20092A5D5 /* CustomVoteCell.m */; };
		C7D5B3B91C68EB090092A5D5 /* StateDataClass.m in Sources */ = {isa = PBXBuildFile; fileRef = C7D5B3B81C68EB090092A5D5 /* StateDataClass.m */; };
		C7D5B4501C68F0C40092A5D5 /* state-alabama.png in Resources */ = {isa = PBXBuildFile; fileRef = C7D5B41E1C68F0C40092A5D5 /* state-alabama.png */; };
		C7D5B4511C68F0C40092A5D5 /* state-alaska.png in Resources */ = {isa = PBXBuildFile; fileRef = C7D5B41F1C68F0C40092A5D5 /* state-alaska.png */; };
		C7D5B4521C68F0C40092A5D5 /* state-arizona.png in Resources */ = {isa = PBXBuildFile; fileRef = C7D5B4201C68F0C40092A5D5 /* state-arizona.png */; };
		C7D5B4531C68F0C40092A5D5 /* state-arkansas.png in Resources */ = {isa = PBXBuildFile; fileRef = C7D5B4211C68F0C40092A5D5 /* state-arkansas.png */; };
		C7D5B4541C68F0C40092A5D5 /* state-california.png in Resources */ = {isa = PBXBuildFile; fileRef = C7D5B4221C68F0C40092A5D5 /* state-california.png */; };
		C7D5B4551C68F0C40092A5D5 /* state-colorado.png in Resources */ = {isa = PBXBuildFile; fileRef = C7D5B4231C68F0C40092A5D5 /* state-colorado.png */; };
		C7D5B4561C68F0C40092A5D5 /* state-connecticut.png in Resources */ = {isa = PBXBuildFile; fileRef = C7D5B4241C68F0C40092A5D5 /* state-connecticut.png */; };
		C7D5B4571C68F0C40092A5D5 /* state-delaware.png in Resources */ = {isa = PBXBuildFile; fileRef = C7D5B4251C68F0C40092A5D5 /* state-delaware.png */; };
		C7D5B4581C68F0C40092A5D5 /* state-florida.png in Resources */ = {isa = PBXBuildFile; fileRef = C7D5B4261C68F0C40092A5D5 /* state-florida.png */; };
		C7D5B4591C68F0C40092A5D5 /* state-georgia.png in Resources */ = {isa = PBXBuildFile; fileRef = C7D5B4271C68F0C40092A5D5 /* state-georgia.png */; };
		C7D5B45A1C68F0C40092A5D5 /* state-hawaii.png in Resources */ = {isa = PBXBuildFile; fileRef = C7D5B4281C68F0C40092A5D5 /* state-hawaii.png */; };
		C7D5B45B1C68F0C40092A5D5 /* state-idaho.png in Resources */ = {isa = PBXBuildFile; fileRef = C7D5B4291C68F0C40092A5D5 /* state-idaho.png */; };
		C7D5B45C1C68F0C40092A5D5 /* state-illinois.png in Resources */ = {isa = PBXBuildFile; fileRef = C7D5B42A1C68F0C40092A5D5 /* state-illinois.png */; };
		C7D5B45D1C68F0C40092A5D5 /* state-indiana.png in Resources */ = {isa = PBXBuildFile; fileRef = C7D5B42B1C68F0C40092A5D5 /* state-indiana.png */; };
		C7D5B45E1C68F0C40092A5D5 /* state-iowa.png in Resources */ = {isa = PBXBuildFile; fileRef = C7D5B42C1C68F0C40092A5D5 /* state-iowa.png */; };
		C7D5B45F1C68F0C40092A5D5 /* state-kansas.png in Resources */ = {isa = PBXBuildFile; fileRef = C7D5B42D1C68F0C40092A5D5 /* state-kansas.png */; };
		C7D5B4601C68F0C40092A5D5 /* state-kentucky.png in Resources */ = {isa = PBXBuildFile; fileRef = C7D5B42E1C68F0C40092A5D5 /* state-kentucky.png */; };
		C7D5B4611C68F0C40092A5D5 /* state-louisiana.png in Resources */ = {isa = PBXBuildFile; fileRef = C7D5B42F1C68F0C40092A5D5 /* state-louisiana.png */; };
		C7D5B4621C68F0C40092A5D5 /* state-maine.png in Resources */ = {isa = PBXBuildFile; fileRef = C7D5B4301C68F0C40092A5D5 /* state-maine.png */; };
		C7D5B4631C68F0C40092A5D5 /* state-maryland.png in Resources */ = {isa = PBXBuildFile; fileRef = C7D5B4311C68F0C40092A5D5 /* state-maryland.png */; };
		C7D5B4651C68F0C40092A5D5 /* state-michigan.png in Resources */ = {isa = PBXBuildFile; fileRef = C7D5B4331C68F0C40092A5D5 /* state-michigan.png */; };
		C7D5B4661C68F0C40092A5D5 /* state-minnesota.png in Resources */ = {isa = PBXBuildFile; fileRef = C7D5B4341C68F0C40092A5D5 /* state-minnesota.png */; };
		C7D5B4671C68F0C40092A5D5 /* state-mississippi.png in Resources */ = {isa = PBXBuildFile; fileRef = C7D5B4351C68F0C40092A5D5 /* state-mississippi.png */; };
		C7D5B4681C68F0C40092A5D5 /* state-missouri.png in Resources */ = {isa = PBXBuildFile; fileRef = C7D5B4361C68F0C40092A5D5 /* state-missouri.png */; };
		C7D5B4691C68F0C40092A5D5 /* state-montana.png in Resources */ = {isa = PBXBuildFile; fileRef = C7D5B4371C68F0C40092A5D5 /* state-montana.png */; };
		C7D5B46A1C68F0C40092A5D5 /* state-nebraska.png in Resources */ = {isa = PBXBuildFile; fileRef = C7D5B4381C68F0C40092A5D5 /* state-nebraska.png */; };
		C7D5B46B1C68F0C40092A5D5 /* state-nevada.png in Resources */ = {isa = PBXBuildFile; fileRef = C7D5B4391C68F0C40092A5D5 /* state-nevada.png */; };
		C7D5B46C1C68F0C40092A5D5 /* state-new-hampshire.png in Resources */ = {isa = PBXBuildFile; fileRef = C7D5B43A1C68F0C40092A5D5 /* state-new-hampshire.png */; };
		C7D5B46D1C68F0C40092A5D5 /* state-new-jersey.png in Resources */ = {isa = PBXBuildFile; fileRef = C7D5B43B1C68F0C40092A5D5 /* state-new-jersey.png */; };
		C7D5B46E1C68F0C40092A5D5 /* state-new-mexico.png in Resources */ = {isa = PBXBuildFile; fileRef = C7D5B43C1C68F0C40092A5D5 /* state-new-mexico.png */; };
		C7D5B46F1C68F0C40092A5D5 /* state-new-york.png in Resources */ = {isa = PBXBuildFile; fileRef = C7D5B43D1C68F0C40092A5D5 /* state-new-york.png */; };
		C7D5B4701C68F0C40092A5D5 /* state-north-carolina.png in Resources */ = {isa = PBXBuildFile; fileRef = C7D5B43E1C68F0C40092A5D5 /* state-north-carolina.png */; };
		C7D5B4711C68F0C40092A5D5 /* state-north-dakota.png in Resources */ = {isa = PBXBuildFile; fileRef = C7D5B43F1C68F0C40092A5D5 /* state-north-dakota.png */; };
		C7D5B4721C68F0C40092A5D5 /* state-ohio.png in Resources */ = {isa = PBXBuildFile; fileRef = C7D5B4401C68F0C40092A5D5 /* state-ohio.png */; };
		C7D5B4731C68F0C40092A5D5 /* state-oklahoma.png in Resources */ = {isa = PBXBuildFile; fileRef = C7D5B4411C68F0C40092A5D5 /* state-oklahoma.png */; };
		C7D5B4741C68F0C40092A5D5 /* state-oregon.png in Resources */ = {isa = PBXBuildFile; fileRef = C7D5B4421C68F0C40092A5D5 /* state-oregon.png */; };
		C7D5B4751C68F0C40092A5D5 /* state-pennsylvania.png in Resources */ = {isa = PBXBuildFile; fileRef = C7D5B4431C68F0C40092A5D5 /* state-pennsylvania.png */; };
		C7D5B4761C68F0C40092A5D5 /* state-rhode-island.png in Resources */ = {isa = PBXBuildFile; fileRef = C7D5B4441C68F0C40092A5D5 /* state-rhode-island.png */; };
		C7D5B4771C68F0C40092A5D5 /* state-south-carolina.png in Resources */ = {isa = PBXBuildFile; fileRef = C7D5B4451C68F0C40092A5D5 /* state-south-carolina.png */; };
		C7D5B4781C68F0C40092A5D5 /* state-south-dakota.png in Resources */ = {isa = PBXBuildFile; fileRef = C7D5B4461C68F0C40092A5D5 /* state-south-dakota.png */; };
		C7D5B4791C68F0C40092A5D5 /* state-tennessee.png in Resources */ = {isa = PBXBuildFile; fileRef = C7D5B4471C68F0C40092A5D5 /* state-tennessee.png */; };
		C7D5B47A1C68F0C40092A5D5 /* state-texas.png in Resources */ = {isa = PBXBuildFile; fileRef = C7D5B4481C68F0C40092A5D5 /* state-texas.png */; };
		C7D5B47B1C68F0C40092A5D5 /* state-utah.png in Resources */ = {isa = PBXBuildFile; fileRef = C7D5B4491C68F0C40092A5D5 /* state-utah.png */; };
		C7D5B47C1C68F0C40092A5D5 /* state-vermont.png in Resources */ = {isa = PBXBuildFile; fileRef = C7D5B44A1C68F0C40092A5D5 /* state-vermont.png */; };
		C7D5B47D1C68F0C40092A5D5 /* state-virginia.png in Resources */ = {isa = PBXBuildFile; fileRef = C7D5B44B1C68F0C40092A5D5 /* state-virginia.png */; };
		C7D5B47E1C68F0C40092A5D5 /* state-washington.png in Resources */ = {isa = PBXBuildFile; fileRef = C7D5B44C1C68F0C40092A5D5 /* state-washington.png */; };
		C7D5B47F1C68F0C40092A5D5 /* state-west-virginia.png in Resources */ = {isa = PBXBuildFile; fileRef = C7D5B44D1C68F0C40092A5D5 /* state-west-virginia.png */; };
		C7D5B4801C68F0C40092A5D5 /* state-wisconsin.png in Resources */ = {isa = PBXBuildFile; fileRef = C7D5B44E1C68F0C40092A5D5 /* state-wisconsin.png */; };
		C7D5B4811C68F0C40092A5D5 /* state-wyoming.png in Resources */ = {isa = PBXBuildFile; fileRef = C7D5B44F1C68F0C40092A5D5 /* state-wyoming.png */; };
		C7D5B4851C68F1B10092A5D5 /* CustomStateCell.m in Sources */ = {isa = PBXBuildFile; fileRef = C7D5B4841C68F1B10092A5D5 /* CustomStateCell.m */; };
		C7D5B4891C6911250092A5D5 /* state-massachusetts.png in Resources */ = {isa = PBXBuildFile; fileRef = C7D5B4881C6911250092A5D5 /* state-massachusetts.png */; };
		C7D5B4DF1C6A67E40092A5D5 /* Logo-Menu.png in Resources */ = {isa = PBXBuildFile; fileRef = C7D5B4DE1C6A67E40092A5D5 /* Logo-Menu.png */; };
		C7D5B4E21C6A6B010092A5D5 /* MenuViewController.m in Sources */ = {isa = PBXBuildFile; fileRef = C7D5B4E11C6A6B010092A5D5 /* MenuViewController.m */; };
		C7D5B4E51C6A6BCD0092A5D5 /* SearchByStateViewController.m in Sources */ = {isa = PBXBuildFile; fileRef = C7D5B4E41C6A6BCD0092A5D5 /* SearchByStateViewController.m */; };
		C7D5B4E71C6A71770092A5D5 /* menu-icon.png in Resources */ = {isa = PBXBuildFile; fileRef = C7D5B4E61C6A71770092A5D5 /* menu-icon.png */; };
		C7D5B4EA1C6A76B40092A5D5 /* SearchByZipViewController.m in Sources */ = {isa = PBXBuildFile; fileRef = C7D5B4E91C6A76B40092A5D5 /* SearchByZipViewController.m */; };
		C7D5B4ED1C6A76CF0092A5D5 /* SearchByNameViewController.m in Sources */ = {isa = PBXBuildFile; fileRef = C7D5B4EC1C6A76CF0092A5D5 /* SearchByNameViewController.m */; };
		C7D5B4F11C6AD3420092A5D5 /* SWRevealViewController.m in Sources */ = {isa = PBXBuildFile; fileRef = C7D5B4F01C6AD3420092A5D5 /* SWRevealViewController.m */; };
		C7D5B4F51C6BC6FF0092A5D5 /* IndustryDataClass.m in Sources */ = {isa = PBXBuildFile; fileRef = C7D5B4F41C6BC6FF0092A5D5 /* IndustryDataClass.m */; };
		C7D5B4F81C6D05DC0092A5D5 /* CustomIndustryCell.m in Sources */ = {isa = PBXBuildFile; fileRef = C7D5B4F71C6D05DC0092A5D5 /* CustomIndustryCell.m */; };
/* End PBXBuildFile section */

/* Begin PBXContainerItemProxy section */
		C718328E1C50B85F00388E02 /* PBXContainerItemProxy */ = {
			isa = PBXContainerItemProxy;
			containerPortal = C71832691C50B85F00388E02 /* Project object */;
			proxyType = 1;
			remoteGlobalIDString = C71832701C50B85F00388E02;
			remoteInfo = "Poli-Credible-Proto";
		};
		C71832991C50B85F00388E02 /* PBXContainerItemProxy */ = {
			isa = PBXContainerItemProxy;
			containerPortal = C71832691C50B85F00388E02 /* Project object */;
			proxyType = 1;
			remoteGlobalIDString = C71832701C50B85F00388E02;
			remoteInfo = "Poli-Credible-Proto";
		};
/* End PBXContainerItemProxy section */

/* Begin PBXFileReference section */
		C71832711C50B85F00388E02 /* Poli-Credible-Proto.app */ = {isa = PBXFileReference; explicitFileType = wrapper.application; includeInIndex = 0; path = "Poli-Credible-Proto.app"; sourceTree = BUILT_PRODUCTS_DIR; };
		C71832751C50B85F00388E02 /* main.m */ = {isa = PBXFileReference; lastKnownFileType = sourcecode.c.objc; path = main.m; sourceTree = "<group>"; };
		C71832771C50B85F00388E02 /* AppDelegate.h */ = {isa = PBXFileReference; lastKnownFileType = sourcecode.c.h; path = AppDelegate.h; sourceTree = "<group>"; };
		C71832781C50B85F00388E02 /* AppDelegate.m */ = {isa = PBXFileReference; lastKnownFileType = sourcecode.c.objc; path = AppDelegate.m; sourceTree = "<group>"; };
		C718327A1C50B85F00388E02 /* ViewController.h */ = {isa = PBXFileReference; lastKnownFileType = sourcecode.c.h; path = ViewController.h; sourceTree = "<group>"; };
		C718327B1C50B85F00388E02 /* ViewController.m */ = {isa = PBXFileReference; lastKnownFileType = sourcecode.c.objc; path = ViewController.m; sourceTree = "<group>"; };
		C718327E1C50B85F00388E02 /* Base */ = {isa = PBXFileReference; lastKnownFileType = file.storyboard; name = Base; path = Base.lproj/Main.storyboard; sourceTree = "<group>"; };
		C71832811C50B85F00388E02 /* Poli_Credible_Proto.xcdatamodel */ = {isa = PBXFileReference; lastKnownFileType = wrapper.xcdatamodel; path = Poli_Credible_Proto.xcdatamodel; sourceTree = "<group>"; };
		C71832831C50B85F00388E02 /* Assets.xcassets */ = {isa = PBXFileReference; lastKnownFileType = folder.assetcatalog; path = Assets.xcassets; sourceTree = "<group>"; };
		C71832861C50B85F00388E02 /* Base */ = {isa = PBXFileReference; lastKnownFileType = file.storyboard; name = Base; path = Base.lproj/LaunchScreen.storyboard; sourceTree = "<group>"; };
		C71832881C50B85F00388E02 /* Info.plist */ = {isa = PBXFileReference; lastKnownFileType = text.plist.xml; path = Info.plist; sourceTree = "<group>"; };
		C718328D1C50B85F00388E02 /* Poli-Credible-ProtoTests.xctest */ = {isa = PBXFileReference; explicitFileType = wrapper.cfbundle; includeInIndex = 0; path = "Poli-Credible-ProtoTests.xctest"; sourceTree = BUILT_PRODUCTS_DIR; };
		C71832911C50B85F00388E02 /* Poli_Credible_ProtoTests.m */ = {isa = PBXFileReference; lastKnownFileType = sourcecode.c.objc; path = Poli_Credible_ProtoTests.m; sourceTree = "<group>"; };
		C71832931C50B85F00388E02 /* Info.plist */ = {isa = PBXFileReference; lastKnownFileType = text.plist.xml; path = Info.plist; sourceTree = "<group>"; };
		C71832981C50B85F00388E02 /* Poli-Credible-ProtoUITests.xctest */ = {isa = PBXFileReference; explicitFileType = wrapper.cfbundle; includeInIndex = 0; path = "Poli-Credible-ProtoUITests.xctest"; sourceTree = BUILT_PRODUCTS_DIR; };
		C718329C1C50B85F00388E02 /* Poli_Credible_ProtoUITests.m */ = {isa = PBXFileReference; lastKnownFileType = sourcecode.c.objc; path = Poli_Credible_ProtoUITests.m; sourceTree = "<group>"; };
		C718329E1C50B85F00388E02 /* Info.plist */ = {isa = PBXFileReference; lastKnownFileType = text.plist.xml; path = Info.plist; sourceTree = "<group>"; };
		C71832AA1C50BA0F00388E02 /* search-icon.png */ = {isa = PBXFileReference; lastKnownFileType = image.png; path = "search-icon.png"; sourceTree = "<group>"; };
		C71832AB1C50BA0F00388E02 /* UIBarButtonSearch_2x.png */ = {isa = PBXFileReference; lastKnownFileType = image.png; path = UIBarButtonSearch_2x.png; sourceTree = "<group>"; };
		C71832B11C513DFD00388E02 /* StateViewController.h */ = {isa = PBXFileReference; fileEncoding = 4; lastKnownFileType = sourcecode.c.h; path = StateViewController.h; sourceTree = "<group>"; };
		C71832B21C513DFD00388E02 /* StateViewController.m */ = {isa = PBXFileReference; fileEncoding = 4; lastKnownFileType = sourcecode.c.objc; path = StateViewController.m; sourceTree = "<group>"; };
		C71832B41C56554800388E02 /* Logo-1.png */ = {isa = PBXFileReference; lastKnownFileType = image.png; path = "Logo-1.png"; sourceTree = "<group>"; };
		C71832B61C567B9100388E02 /* ResultsViewController.h */ = {isa = PBXFileReference; fileEncoding = 4; lastKnownFileType = sourcecode.c.h; path = ResultsViewController.h; sourceTree = "<group>"; };
		C71832B71C567B9100388E02 /* ResultsViewController.m */ = {isa = PBXFileReference; fileEncoding = 4; lastKnownFileType = sourcecode.c.objc; path = ResultsViewController.m; sourceTree = "<group>"; };
		C71832B91C567D8900388E02 /* MemberDataClass.h */ = {isa = PBXFileReference; fileEncoding = 4; lastKnownFileType = sourcecode.c.h; path = MemberDataClass.h; sourceTree = "<group>"; };
		C71832BA1C567D8900388E02 /* MemberDataClass.m */ = {isa = PBXFileReference; fileEncoding = 4; lastKnownFileType = sourcecode.c.objc; path = MemberDataClass.m; sourceTree = "<group>"; };
		C71832BD1C56890A00388E02 /* HTTPManager.h */ = {isa = PBXFileReference; fileEncoding = 4; lastKnownFileType = sourcecode.c.h; path = HTTPManager.h; sourceTree = "<group>"; };
		C71832BE1C56890A00388E02 /* HTTPManager.m */ = {isa = PBXFileReference; fileEncoding = 4; lastKnownFileType = sourcecode.c.objc; path = HTTPManager.m; sourceTree = "<group>"; };
		C71832C01C57DB4A00388E02 /* ZipCodeViewController.h */ = {isa = PBXFileReference; fileEncoding = 4; lastKnownFileType = sourcecode.c.h; path = ZipCodeViewController.h; sourceTree = "<group>"; };
		C71832C11C57DB4A00388E02 /* ZipCodeViewController.m */ = {isa = PBXFileReference; fileEncoding = 4; lastKnownFileType = sourcecode.c.objc; path = ZipCodeViewController.m; sourceTree = "<group>"; };
		C71832C31C57DB7E00388E02 /* NameViewController.h */ = {isa = PBXFileReference; fileEncoding = 4; lastKnownFileType = sourcecode.c.h; path = NameViewController.h; sourceTree = "<group>"; };
		C71832C41C57DB7E00388E02 /* NameViewController.m */ = {isa = PBXFileReference; fileEncoding = 4; lastKnownFileType = sourcecode.c.objc; path = NameViewController.m; sourceTree = "<group>"; };
		C71832C61C59615B00388E02 /* FavoritesViewController.h */ = {isa = PBXFileReference; fileEncoding = 4; lastKnownFileType = sourcecode.c.h; path = FavoritesViewController.h; sourceTree = "<group>"; };
		C71832C71C59615B00388E02 /* FavoritesViewController.m */ = {isa = PBXFileReference; fileEncoding = 4; lastKnownFileType = sourcecode.c.objc; path = FavoritesViewController.m; sourceTree = "<group>"; };
		C71832C91C5994C700388E02 /* DetailViewController.h */ = {isa = PBXFileReference; fileEncoding = 4; lastKnownFileType = sourcecode.c.h; path = DetailViewController.h; sourceTree = "<group>"; };
		C71832CA1C5994C700388E02 /* DetailViewController.m */ = {isa = PBXFileReference; fileEncoding = 4; lastKnownFileType = sourcecode.c.objc; path = DetailViewController.m; sourceTree = "<group>"; };
		C71832CC1C5A4A2400388E02 /* Shelby-Image.jpg */ = {isa = PBXFileReference; lastKnownFileType = image.jpeg; path = "Shelby-Image.jpg"; sourceTree = "<group>"; };
		C7334F451C6E4FAC00449CD3 /* FundraisingDataClass.h */ = {isa = PBXFileReference; fileEncoding = 4; lastKnownFileType = sourcecode.c.h; path = FundraisingDataClass.h; sourceTree = "<group>"; };
		C7334F461C6E4FAC00449CD3 /* FundraisingDataClass.m */ = {isa = PBXFileReference; fileEncoding = 4; lastKnownFileType = sourcecode.c.objc; path = FundraisingDataClass.m; sourceTree = "<group>"; };
		C7334F481C6E5BA200449CD3 /* CustomFundraisingCell.h */ = {isa = PBXFileReference; fileEncoding = 4; lastKnownFileType = sourcecode.c.h; path = CustomFundraisingCell.h; sourceTree = "<group>"; };
		C7334F491C6E5BA200449CD3 /* CustomFundraisingCell.m */ = {isa = PBXFileReference; fileEncoding = 4; lastKnownFileType = sourcecode.c.objc; path = CustomFundraisingCell.m; sourceTree = "<group>"; };
		C7D5B2851C61BAC90092A5D5 /* bg-1.png */ = {isa = PBXFileReference; lastKnownFileType = image.png; path = "bg-1.png"; sourceTree = "<group>"; };
		C7D5B2871C61BDF70092A5D5 /* bg-2.png */ = {isa = PBXFileReference; lastKnownFileType = image.png; path = "bg-2.png"; sourceTree = "<group>"; };
		C7D5B2891C61CA170092A5D5 /* Logo-2.png */ = {isa = PBXFileReference; lastKnownFileType = image.png; path = "Logo-2.png"; sourceTree = "<group>"; };
		C7D5B2931C62967C0092A5D5 /* favorite-icon.png */ = {isa = PBXFileReference; lastKnownFileType = image.png; path = "favorite-icon.png"; sourceTree = "<group>"; };
		C7D5B2951C62978A0092A5D5 /* favorite-icon-b.png */ = {isa = PBXFileReference; lastKnownFileType = image.png; path = "favorite-icon-b.png"; sourceTree = "<group>"; };
		C7D5B2971C62E8710092A5D5 /* facebook-icon.png */ = {isa = PBXFileReference; lastKnownFileType = image.png; path = "facebook-icon.png"; sourceTree = "<group>"; };
		C7D5B2991C62EACC0092A5D5 /* twitter-icon.png */ = {isa = PBXFileReference; lastKnownFileType = image.png; path = "twitter-icon.png"; sourceTree = "<group>"; };
		C7D5B29B1C62ECE70092A5D5 /* mail-icon.png */ = {isa = PBXFileReference; lastKnownFileType = image.png; path = "mail-icon.png"; sourceTree = "<group>"; };
		C7D5B29F1C62F46F0092A5D5 /* phone-icon.png */ = {isa = PBXFileReference; lastKnownFileType = image.png; path = "phone-icon.png"; sourceTree = "<group>"; };
		C7D5B2A11C644D240092A5D5 /* MemberInfoViewController.h */ = {isa = PBXFileReference; fileEncoding = 4; lastKnownFileType = sourcecode.c.h; path = MemberInfoViewController.h; sourceTree = "<group>"; };
		C7D5B2A21C644D240092A5D5 /* MemberInfoViewController.m */ = {isa = PBXFileReference; fileEncoding = 4; lastKnownFileType = sourcecode.c.objc; path = MemberInfoViewController.m; sourceTree = "<group>"; };
		C7D5B38C1C6532680092A5D5 /* TFHpple.h */ = {isa = PBXFileReference; fileEncoding = 4; lastKnownFileType = sourcecode.c.h; path = TFHpple.h; sourceTree = "<group>"; };
		C7D5B38D1C6532680092A5D5 /* TFHpple.m */ = {isa = PBXFileReference; fileEncoding = 4; lastKnownFileType = sourcecode.c.objc; path = TFHpple.m; sourceTree = "<group>"; };
		C7D5B38E1C6532680092A5D5 /* TFHppleElement.h */ = {isa = PBXFileReference; fileEncoding = 4; lastKnownFileType = sourcecode.c.h; path = TFHppleElement.h; sourceTree = "<group>"; };
		C7D5B38F1C6532680092A5D5 /* TFHppleElement.m */ = {isa = PBXFileReference; fileEncoding = 4; lastKnownFileType = sourcecode.c.objc; path = TFHppleElement.m; sourceTree = "<group>"; };
		C7D5B3901C6532680092A5D5 /* XPathQuery.h */ = {isa = PBXFileReference; fileEncoding = 4; lastKnownFileType = sourcecode.c.h; path = XPathQuery.h; sourceTree = "<group>"; };
		C7D5B3911C6532680092A5D5 /* XPathQuery.m */ = {isa = PBXFileReference; fileEncoding = 4; lastKnownFileType = sourcecode.c.objc; path = XPathQuery.m; sourceTree = "<group>"; };
		C7D5B3971C6535330092A5D5 /* libxml2.tbd */ = {isa = PBXFileReference; lastKnownFileType = "sourcecode.text-based-dylib-definition"; name = libxml2.tbd; path = usr/lib/libxml2.tbd; sourceTree = SDKROOT; };
		C7D5B3991C6535E20092A5D5 /* RepBio.h */ = {isa = PBXFileReference; fileEncoding = 4; lastKnownFileType = sourcecode.c.h; path = RepBio.h; sourceTree = "<group>"; };
		C7D5B39A1C6535E20092A5D5 /* RepBio.m */ = {isa = PBXFileReference; fileEncoding = 4; lastKnownFileType = sourcecode.c.objc; path = RepBio.m; sourceTree = "<group>"; };
		C7D5B39C1C655EE80092A5D5 /* ContributionsViewController.h */ = {isa = PBXFileReference; fileEncoding = 4; lastKnownFileType = sourcecode.c.h; path = ContributionsViewController.h; sourceTree = "<group>"; };
		C7D5B39D1C655EE80092A5D5 /* ContributionsViewController.m */ = {isa = PBXFileReference; fileEncoding = 4; lastKnownFileType = sourcecode.c.objc; path = ContributionsViewController.m; sourceTree = "<group>"; };
		C7D5B39F1C6573CE0092A5D5 /* ContributorDataClass.h */ = {isa = PBXFileReference; fileEncoding = 4; lastKnownFileType = sourcecode.c.h; path = ContributorDataClass.h; sourceTree = "<group>"; };
		C7D5B3A01C6573CE0092A5D5 /* ContributorDataClass.m */ = {isa = PBXFileReference; fileEncoding = 4; lastKnownFileType = sourcecode.c.objc; path = ContributorDataClass.m; sourceTree = "<group>"; };
		C7D5B3A21C668CDA0092A5D5 /* addFavoriteIcon.png */ = {isa = PBXFileReference; lastKnownFileType = image.png; path = addFavoriteIcon.png; sourceTree = "<group>"; };
		C7D5B3A81C6784FF0092A5D5 /* VotesViewController.h */ = {isa = PBXFileReference; fileEncoding = 4; lastKnownFileType = sourcecode.c.h; path = VotesViewController.h; sourceTree = "<group>"; };
		C7D5B3A91C6784FF0092A5D5 /* VotesViewController.m */ = {isa = PBXFileReference; fileEncoding = 4; lastKnownFileType = sourcecode.c.objc; path = VotesViewController.m; sourceTree = "<group>"; };
		C7D5B3AE1C67FE7C0092A5D5 /* website-link.png */ = {isa = PBXFileReference; lastKnownFileType = image.png; path = "website-link.png"; sourceTree = "<group>"; };
		C7D5B3B01C68D0E70092A5D5 /* VoteDataClass.h */ = {isa = PBXFileReference; fileEncoding = 4; lastKnownFileType = sourcecode.c.h; path = VoteDataClass.h; sourceTree = "<group>"; };
		C7D5B3B11C68D0E70092A5D5 /* VoteDataClass.m */ = {isa = PBXFileReference; fileEncoding = 4; lastKnownFileType = sourcecode.c.objc; path = VoteDataClass.m; sourceTree = "<group>"; };
		C7D5B3B31C68DFD20092A5D5 /* CustomVoteCell.h */ = {isa = PBXFileReference; fileEncoding = 4; lastKnownFileType = sourcecode.c.h; path = CustomVoteCell.h; sourceTree = "<group>"; };
		C7D5B3B41C68DFD20092A5D5 /* CustomVoteCell.m */ = {isa = PBXFileReference; fileEncoding = 4; lastKnownFileType = sourcecode.c.objc; path = CustomVoteCell.m; sourceTree = "<group>"; };
		C7D5B3B71C68EB090092A5D5 /* StateDataClass.h */ = {isa = PBXFileReference; fileEncoding = 4; lastKnownFileType = sourcecode.c.h; path = StateDataClass.h; sourceTree = "<group>"; };
		C7D5B3B81C68EB090092A5D5 /* StateDataClass.m */ = {isa = PBXFileReference; fileEncoding = 4; lastKnownFileType = sourcecode.c.objc; path = StateDataClass.m; sourceTree = "<group>"; };
		C7D5B41E1C68F0C40092A5D5 /* state-alabama.png */ = {isa = PBXFileReference; lastKnownFileType = image.png; path = "state-alabama.png"; sourceTree = "<group>"; };
		C7D5B41F1C68F0C40092A5D5 /* state-alaska.png */ = {isa = PBXFileReference; lastKnownFileType = image.png; path = "state-alaska.png"; sourceTree = "<group>"; };
		C7D5B4201C68F0C40092A5D5 /* state-arizona.png */ = {isa = PBXFileReference; lastKnownFileType = image.png; path = "state-arizona.png"; sourceTree = "<group>"; };
		C7D5B4211C68F0C40092A5D5 /* state-arkansas.png */ = {isa = PBXFileReference; lastKnownFileType = image.png; path = "state-arkansas.png"; sourceTree = "<group>"; };
		C7D5B4221C68F0C40092A5D5 /* state-california.png */ = {isa = PBXFileReference; lastKnownFileType = image.png; path = "state-california.png"; sourceTree = "<group>"; };
		C7D5B4231C68F0C40092A5D5 /* state-colorado.png */ = {isa = PBXFileReference; lastKnownFileType = image.png; path = "state-colorado.png"; sourceTree = "<group>"; };
		C7D5B4241C68F0C40092A5D5 /* state-connecticut.png */ = {isa = PBXFileReference; lastKnownFileType = image.png; path = "state-connecticut.png"; sourceTree = "<group>"; };
		C7D5B4251C68F0C40092A5D5 /* state-delaware.png */ = {isa = PBXFileReference; lastKnownFileType = image.png; path = "state-delaware.png"; sourceTree = "<group>"; };
		C7D5B4261C68F0C40092A5D5 /* state-florida.png */ = {isa = PBXFileReference; lastKnownFileType = image.png; path = "state-florida.png"; sourceTree = "<group>"; };
		C7D5B4271C68F0C40092A5D5 /* state-georgia.png */ = {isa = PBXFileReference; lastKnownFileType = image.png; path = "state-georgia.png"; sourceTree = "<group>"; };
		C7D5B4281C68F0C40092A5D5 /* state-hawaii.png */ = {isa = PBXFileReference; lastKnownFileType = image.png; path = "state-hawaii.png"; sourceTree = "<group>"; };
		C7D5B4291C68F0C40092A5D5 /* state-idaho.png */ = {isa = PBXFileReference; lastKnownFileType = image.png; path = "state-idaho.png"; sourceTree = "<group>"; };
		C7D5B42A1C68F0C40092A5D5 /* state-illinois.png */ = {isa = PBXFileReference; lastKnownFileType = image.png; path = "state-illinois.png"; sourceTree = "<group>"; };
		C7D5B42B1C68F0C40092A5D5 /* state-indiana.png */ = {isa = PBXFileReference; lastKnownFileType = image.png; path = "state-indiana.png"; sourceTree = "<group>"; };
		C7D5B42C1C68F0C40092A5D5 /* state-iowa.png */ = {isa = PBXFileReference; lastKnownFileType = image.png; path = "state-iowa.png"; sourceTree = "<group>"; };
		C7D5B42D1C68F0C40092A5D5 /* state-kansas.png */ = {isa = PBXFileReference; lastKnownFileType = image.png; path = "state-kansas.png"; sourceTree = "<group>"; };
		C7D5B42E1C68F0C40092A5D5 /* state-kentucky.png */ = {isa = PBXFileReference; lastKnownFileType = image.png; path = "state-kentucky.png"; sourceTree = "<group>"; };
		C7D5B42F1C68F0C40092A5D5 /* state-louisiana.png */ = {isa = PBXFileReference; lastKnownFileType = image.png; path = "state-louisiana.png"; sourceTree = "<group>"; };
		C7D5B4301C68F0C40092A5D5 /* state-maine.png */ = {isa = PBXFileReference; lastKnownFileType = image.png; path = "state-maine.png"; sourceTree = "<group>"; };
		C7D5B4311C68F0C40092A5D5 /* state-maryland.png */ = {isa = PBXFileReference; lastKnownFileType = image.png; path = "state-maryland.png"; sourceTree = "<group>"; };
		C7D5B4331C68F0C40092A5D5 /* state-michigan.png */ = {isa = PBXFileReference; lastKnownFileType = image.png; path = "state-michigan.png"; sourceTree = "<group>"; };
		C7D5B4341C68F0C40092A5D5 /* state-minnesota.png */ = {isa = PBXFileReference; lastKnownFileType = image.png; path = "state-minnesota.png"; sourceTree = "<group>"; };
		C7D5B4351C68F0C40092A5D5 /* state-mississippi.png */ = {isa = PBXFileReference; lastKnownFileType = image.png; path = "state-mississippi.png"; sourceTree = "<group>"; };
		C7D5B4361C68F0C40092A5D5 /* state-missouri.png */ = {isa = PBXFileReference; lastKnownFileType = image.png; path = "state-missouri.png"; sourceTree = "<group>"; };
		C7D5B4371C68F0C40092A5D5 /* state-montana.png */ = {isa = PBXFileReference; lastKnownFileType = image.png; path = "state-montana.png"; sourceTree = "<group>"; };
		C7D5B4381C68F0C40092A5D5 /* state-nebraska.png */ = {isa = PBXFileReference; lastKnownFileType = image.png; path = "state-nebraska.png"; sourceTree = "<group>"; };
		C7D5B4391C68F0C40092A5D5 /* state-nevada.png */ = {isa = PBXFileReference; lastKnownFileType = image.png; path = "state-nevada.png"; sourceTree = "<group>"; };
		C7D5B43A1C68F0C40092A5D5 /* state-new-hampshire.png */ = {isa = PBXFileReference; lastKnownFileType = image.png; path = "state-new-hampshire.png"; sourceTree = "<group>"; };
		C7D5B43B1C68F0C40092A5D5 /* state-new-jersey.png */ = {isa = PBXFileReference; lastKnownFileType = image.png; path = "state-new-jersey.png"; sourceTree = "<group>"; };
		C7D5B43C1C68F0C40092A5D5 /* state-new-mexico.png */ = {isa = PBXFileReference; lastKnownFileType = image.png; path = "state-new-mexico.png"; sourceTree = "<group>"; };
		C7D5B43D1C68F0C40092A5D5 /* state-new-york.png */ = {isa = PBXFileReference; lastKnownFileType = image.png; path = "state-new-york.png"; sourceTree = "<group>"; };
		C7D5B43E1C68F0C40092A5D5 /* state-north-carolina.png */ = {isa = PBXFileReference; lastKnownFileType = image.png; path = "state-north-carolina.png"; sourceTree = "<group>"; };
		C7D5B43F1C68F0C40092A5D5 /* state-north-dakota.png */ = {isa = PBXFileReference; lastKnownFileType = image.png; path = "state-north-dakota.png"; sourceTree = "<group>"; };
		C7D5B4401C68F0C40092A5D5 /* state-ohio.png */ = {isa = PBXFileReference; lastKnownFileType = image.png; path = "state-ohio.png"; sourceTree = "<group>"; };
		C7D5B4411C68F0C40092A5D5 /* state-oklahoma.png */ = {isa = PBXFileReference; lastKnownFileType = image.png; path = "state-oklahoma.png"; sourceTree = "<group>"; };
		C7D5B4421C68F0C40092A5D5 /* state-oregon.png */ = {isa = PBXFileReference; lastKnownFileType = image.png; path = "state-oregon.png"; sourceTree = "<group>"; };
		C7D5B4431C68F0C40092A5D5 /* state-pennsylvania.png */ = {isa = PBXFileReference; lastKnownFileType = image.png; path = "state-pennsylvania.png"; sourceTree = "<group>"; };
		C7D5B4441C68F0C40092A5D5 /* state-rhode-island.png */ = {isa = PBXFileReference; lastKnownFileType = image.png; path = "state-rhode-island.png"; sourceTree = "<group>"; };
		C7D5B4451C68F0C40092A5D5 /* state-south-carolina.png */ = {isa = PBXFileReference; lastKnownFileType = image.png; path = "state-south-carolina.png"; sourceTree = "<group>"; };
		C7D5B4461C68F0C40092A5D5 /* state-south-dakota.png */ = {isa = PBXFileReference; lastKnownFileType = image.png; path = "state-south-dakota.png"; sourceTree = "<group>"; };
		C7D5B4471C68F0C40092A5D5 /* state-tennessee.png */ = {isa = PBXFileReference; lastKnownFileType = image.png; path = "state-tennessee.png"; sourceTree = "<group>"; };
		C7D5B4481C68F0C40092A5D5 /* state-texas.png */ = {isa = PBXFileReference; lastKnownFileType = image.png; path = "state-texas.png"; sourceTree = "<group>"; };
		C7D5B4491C68F0C40092A5D5 /* state-utah.png */ = {isa = PBXFileReference; lastKnownFileType = image.png; path = "state-utah.png"; sourceTree = "<group>"; };
		C7D5B44A1C68F0C40092A5D5 /* state-vermont.png */ = {isa = PBXFileReference; lastKnownFileType = image.png; path = "state-vermont.png"; sourceTree = "<group>"; };
		C7D5B44B1C68F0C40092A5D5 /* state-virginia.png */ = {isa = PBXFileReference; lastKnownFileType = image.png; path = "state-virginia.png"; sourceTree = "<group>"; };
		C7D5B44C1C68F0C40092A5D5 /* state-washington.png */ = {isa = PBXFileReference; lastKnownFileType = image.png; path = "state-washington.png"; sourceTree = "<group>"; };
		C7D5B44D1C68F0C40092A5D5 /* state-west-virginia.png */ = {isa = PBXFileReference; lastKnownFileType = image.png; path = "state-west-virginia.png"; sourceTree = "<group>"; };
		C7D5B44E1C68F0C40092A5D5 /* state-wisconsin.png */ = {isa = PBXFileReference; lastKnownFileType = image.png; path = "state-wisconsin.png"; sourceTree = "<group>"; };
		C7D5B44F1C68F0C40092A5D5 /* state-wyoming.png */ = {isa = PBXFileReference; lastKnownFileType = image.png; path = "state-wyoming.png"; sourceTree = "<group>"; };
		C7D5B4831C68F1B10092A5D5 /* CustomStateCell.h */ = {isa = PBXFileReference; fileEncoding = 4; lastKnownFileType = sourcecode.c.h; path = CustomStateCell.h; sourceTree = "<group>"; };
		C7D5B4841C68F1B10092A5D5 /* CustomStateCell.m */ = {isa = PBXFileReference; fileEncoding = 4; lastKnownFileType = sourcecode.c.objc; path = CustomStateCell.m; sourceTree = "<group>"; };
		C7D5B4881C6911250092A5D5 /* state-massachusetts.png */ = {isa = PBXFileReference; lastKnownFileType = image.png; path = "state-massachusetts.png"; sourceTree = "<group>"; };
		C7D5B4DE1C6A67E40092A5D5 /* Logo-Menu.png */ = {isa = PBXFileReference; lastKnownFileType = image.png; path = "Logo-Menu.png"; sourceTree = "<group>"; };
		C7D5B4E01C6A6B010092A5D5 /* MenuViewController.h */ = {isa = PBXFileReference; fileEncoding = 4; lastKnownFileType = sourcecode.c.h; path = MenuViewController.h; sourceTree = "<group>"; };
		C7D5B4E11C6A6B010092A5D5 /* MenuViewController.m */ = {isa = PBXFileReference; fileEncoding = 4; lastKnownFileType = sourcecode.c.objc; path = MenuViewController.m; sourceTree = "<group>"; };
		C7D5B4E31C6A6BCD0092A5D5 /* SearchByStateViewController.h */ = {isa = PBXFileReference; fileEncoding = 4; lastKnownFileType = sourcecode.c.h; path = SearchByStateViewController.h; sourceTree = "<group>"; };
		C7D5B4E41C6A6BCD0092A5D5 /* SearchByStateViewController.m */ = {isa = PBXFileReference; fileEncoding = 4; lastKnownFileType = sourcecode.c.objc; path = SearchByStateViewController.m; sourceTree = "<group>"; };
		C7D5B4E61C6A71770092A5D5 /* menu-icon.png */ = {isa = PBXFileReference; lastKnownFileType = image.png; path = "menu-icon.png"; sourceTree = "<group>"; };
		C7D5B4E81C6A76B40092A5D5 /* SearchByZipViewController.h */ = {isa = PBXFileReference; fileEncoding = 4; lastKnownFileType = sourcecode.c.h; path = SearchByZipViewController.h; sourceTree = "<group>"; };
		C7D5B4E91C6A76B40092A5D5 /* SearchByZipViewController.m */ = {isa = PBXFileReference; fileEncoding = 4; lastKnownFileType = sourcecode.c.objc; path = SearchByZipViewController.m; sourceTree = "<group>"; };
		C7D5B4EB1C6A76CF0092A5D5 /* SearchByNameViewController.h */ = {isa = PBXFileReference; fileEncoding = 4; lastKnownFileType = sourcecode.c.h; path = SearchByNameViewController.h; sourceTree = "<group>"; };
		C7D5B4EC1C6A76CF0092A5D5 /* SearchByNameViewController.m */ = {isa = PBXFileReference; fileEncoding = 4; lastKnownFileType = sourcecode.c.objc; path = SearchByNameViewController.m; sourceTree = "<group>"; };
		C7D5B4EF1C6AD3420092A5D5 /* SWRevealViewController.h */ = {isa = PBXFileReference; fileEncoding = 4; lastKnownFileType = sourcecode.c.h; path = SWRevealViewController.h; sourceTree = "<group>"; };
		C7D5B4F01C6AD3420092A5D5 /* SWRevealViewController.m */ = {isa = PBXFileReference; fileEncoding = 4; lastKnownFileType = sourcecode.c.objc; path = SWRevealViewController.m; sourceTree = "<group>"; };
		C7D5B4F31C6BC6FF0092A5D5 /* IndustryDataClass.h */ = {isa = PBXFileReference; fileEncoding = 4; lastKnownFileType = sourcecode.c.h; path = IndustryDataClass.h; sourceTree = "<group>"; };
		C7D5B4F41C6BC6FF0092A5D5 /* IndustryDataClass.m */ = {isa = PBXFileReference; fileEncoding = 4; lastKnownFileType = sourcecode.c.objc; path = IndustryDataClass.m; sourceTree = "<group>"; };
		C7D5B4F61C6D05DC0092A5D5 /* CustomIndustryCell.h */ = {isa = PBXFileReference; fileEncoding = 4; lastKnownFileType = sourcecode.c.h; path = CustomIndustryCell.h; sourceTree = "<group>"; };
		C7D5B4F71C6D05DC0092A5D5 /* CustomIndustryCell.m */ = {isa = PBXFileReference; fileEncoding = 4; lastKnownFileType = sourcecode.c.objc; path = CustomIndustryCell.m; sourceTree = "<group>"; };
/* End PBXFileReference section */

/* Begin PBXFrameworksBuildPhase section */
		C718326E1C50B85F00388E02 /* Frameworks */ = {
			isa = PBXFrameworksBuildPhase;
			buildActionMask = 2147483647;
			files = (
				C7D5B3981C6535330092A5D5 /* libxml2.tbd in Frameworks */,
			);
			runOnlyForDeploymentPostprocessing = 0;
		};
		C718328A1C50B85F00388E02 /* Frameworks */ = {
			isa = PBXFrameworksBuildPhase;
			buildActionMask = 2147483647;
			files = (
			);
			runOnlyForDeploymentPostprocessing = 0;
		};
		C71832951C50B85F00388E02 /* Frameworks */ = {
			isa = PBXFrameworksBuildPhase;
			buildActionMask = 2147483647;
			files = (
			);
			runOnlyForDeploymentPostprocessing = 0;
		};
/* End PBXFrameworksBuildPhase section */

/* Begin PBXGroup section */
		C71832681C50B85F00388E02 = {
			isa = PBXGroup;
			children = (
				C7D5B3971C6535330092A5D5 /* libxml2.tbd */,
				C71832731C50B85F00388E02 /* Poli-Credible-Proto */,
				C71832901C50B85F00388E02 /* Poli-Credible-ProtoTests */,
				C718329B1C50B85F00388E02 /* Poli-Credible-ProtoUITests */,
				C71832721C50B85F00388E02 /* Products */,
			);
			sourceTree = "<group>";
		};
		C71832721C50B85F00388E02 /* Products */ = {
			isa = PBXGroup;
			children = (
				C71832711C50B85F00388E02 /* Poli-Credible-Proto.app */,
				C718328D1C50B85F00388E02 /* Poli-Credible-ProtoTests.xctest */,
				C71832981C50B85F00388E02 /* Poli-Credible-ProtoUITests.xctest */,
			);
			name = Products;
			sourceTree = "<group>";
		};
		C71832731C50B85F00388E02 /* Poli-Credible-Proto */ = {
			isa = PBXGroup;
			children = (
				C7D5B4821C68F16B0092A5D5 /* CustomCells */,
				C7D5B38B1C6531CD0092A5D5 /* hpple */,
				C7D5B38A1C6530F70092A5D5 /* DataModels */,
				C71832AE1C50BA1A00388E02 /* Images */,
				C7D5B3A41C67840F0092A5D5 /* DetailViews */,
				C71832771C50B85F00388E02 /* AppDelegate.h */,
				C71832781C50B85F00388E02 /* AppDelegate.m */,
				C718327A1C50B85F00388E02 /* ViewController.h */,
				C718327B1C50B85F00388E02 /* ViewController.m */,
				C718327D1C50B85F00388E02 /* Main.storyboard */,
				C71832831C50B85F00388E02 /* Assets.xcassets */,
				C71832851C50B85F00388E02 /* LaunchScreen.storyboard */,
				C71832881C50B85F00388E02 /* Info.plist */,
				C71832801C50B85F00388E02 /* Poli_Credible_Proto.xcdatamodeld */,
				C71832B61C567B9100388E02 /* ResultsViewController.h */,
				C71832B71C567B9100388E02 /* ResultsViewController.m */,
				C71832BD1C56890A00388E02 /* HTTPManager.h */,
				C71832BE1C56890A00388E02 /* HTTPManager.m */,
				C71832C61C59615B00388E02 /* FavoritesViewController.h */,
				C71832C71C59615B00388E02 /* FavoritesViewController.m */,
				C7D5B4F21C6BC1600092A5D5 /* OldAlphaFiles */,
				C71832741C50B85F00388E02 /* Supporting Files */,
				C7D5B4E01C6A6B010092A5D5 /* MenuViewController.h */,
				C7D5B4E11C6A6B010092A5D5 /* MenuViewController.m */,
				C7D5B4E31C6A6BCD0092A5D5 /* SearchByStateViewController.h */,
				C7D5B4E41C6A6BCD0092A5D5 /* SearchByStateViewController.m */,
				C7D5B4E81C6A76B40092A5D5 /* SearchByZipViewController.h */,
				C7D5B4E91C6A76B40092A5D5 /* SearchByZipViewController.m */,
				C7D5B4EB1C6A76CF0092A5D5 /* SearchByNameViewController.h */,
				C7D5B4EC1C6A76CF0092A5D5 /* SearchByNameViewController.m */,
			);
			path = "Poli-Credible-Proto";
			sourceTree = "<group>";
		};
		C71832741C50B85F00388E02 /* Supporting Files */ = {
			isa = PBXGroup;
			children = (
				C7D5B4EE1C6AD3420092A5D5 /* SlideOutMenuFiles */,
				C71832751C50B85F00388E02 /* main.m */,
			);
			name = "Supporting Files";
			sourceTree = "<group>";
		};
		C71832901C50B85F00388E02 /* Poli-Credible-ProtoTests */ = {
			isa = PBXGroup;
			children = (
				C71832911C50B85F00388E02 /* Poli_Credible_ProtoTests.m */,
				C71832931C50B85F00388E02 /* Info.plist */,
			);
			path = "Poli-Credible-ProtoTests";
			sourceTree = "<group>";
		};
		C718329B1C50B85F00388E02 /* Poli-Credible-ProtoUITests */ = {
			isa = PBXGroup;
			children = (
				C718329C1C50B85F00388E02 /* Poli_Credible_ProtoUITests.m */,
				C718329E1C50B85F00388E02 /* Info.plist */,
			);
			path = "Poli-Credible-ProtoUITests";
			sourceTree = "<group>";
		};
		C71832AE1C50BA1A00388E02 /* Images */ = {
			isa = PBXGroup;
			children = (
				C7D5B4E61C6A71770092A5D5 /* menu-icon.png */,
				C7D5B4DE1C6A67E40092A5D5 /* Logo-Menu.png */,
				C7D5B3B61C68E9B60092A5D5 /* StateImages */,
				C7D5B3AE1C67FE7C0092A5D5 /* website-link.png */,
				C7D5B3A21C668CDA0092A5D5 /* addFavoriteIcon.png */,
				C7D5B2991C62EACC0092A5D5 /* twitter-icon.png */,
				C7D5B29F1C62F46F0092A5D5 /* phone-icon.png */,
				C7D5B29B1C62ECE70092A5D5 /* mail-icon.png */,
				C7D5B2971C62E8710092A5D5 /* facebook-icon.png */,
				C7D5B2851C61BAC90092A5D5 /* bg-1.png */,
				C7D5B2931C62967C0092A5D5 /* favorite-icon.png */,
				C7D5B2951C62978A0092A5D5 /* favorite-icon-b.png */,
				C7D5B2871C61BDF70092A5D5 /* bg-2.png */,
				C71832CC1C5A4A2400388E02 /* Shelby-Image.jpg */,
				C71832B41C56554800388E02 /* Logo-1.png */,
				C7D5B2891C61CA170092A5D5 /* Logo-2.png */,
				C71832AA1C50BA0F00388E02 /* search-icon.png */,
				C71832AB1C50BA0F00388E02 /* UIBarButtonSearch_2x.png */,
			);
			name = Images;
			sourceTree = "<group>";
		};
		C7D5B38A1C6530F70092A5D5 /* DataModels */ = {
			isa = PBXGroup;
			children = (
				C71832B91C567D8900388E02 /* MemberDataClass.h */,
				C71832BA1C567D8900388E02 /* MemberDataClass.m */,
				C7D5B3991C6535E20092A5D5 /* RepBio.h */,
				C7D5B39A1C6535E20092A5D5 /* RepBio.m */,
				C7D5B39F1C6573CE0092A5D5 /* ContributorDataClass.h */,
				C7D5B3A01C6573CE0092A5D5 /* ContributorDataClass.m */,
				C7D5B3B01C68D0E70092A5D5 /* VoteDataClass.h */,
				C7D5B3B11C68D0E70092A5D5 /* VoteDataClass.m */,
				C7D5B3B71C68EB090092A5D5 /* StateDataClass.h */,
				C7D5B3B81C68EB090092A5D5 /* StateDataClass.m */,
				C7D5B4F31C6BC6FF0092A5D5 /* IndustryDataClass.h */,
				C7D5B4F41C6BC6FF0092A5D5 /* IndustryDataClass.m */,
				C7334F451C6E4FAC00449CD3 /* FundraisingDataClass.h */,
				C7334F461C6E4FAC00449CD3 /* FundraisingDataClass.m */,
			);
			name = DataModels;
			sourceTree = "<group>";
		};
		C7D5B38B1C6531CD0092A5D5 /* hpple */ = {
			isa = PBXGroup;
			children = (
				C7D5B38C1C6532680092A5D5 /* TFHpple.h */,
				C7D5B38D1C6532680092A5D5 /* TFHpple.m */,
				C7D5B38E1C6532680092A5D5 /* TFHppleElement.h */,
				C7D5B38F1C6532680092A5D5 /* TFHppleElement.m */,
				C7D5B3901C6532680092A5D5 /* XPathQuery.h */,
				C7D5B3911C6532680092A5D5 /* XPathQuery.m */,
			);
			name = hpple;
			sourceTree = "<group>";
		};
		C7D5B3A41C67840F0092A5D5 /* DetailViews */ = {
			isa = PBXGroup;
			children = (
				C7D5B2A11C644D240092A5D5 /* MemberInfoViewController.h */,
				C7D5B2A21C644D240092A5D5 /* MemberInfoViewController.m */,
				C71832C91C5994C700388E02 /* DetailViewController.h */,
				C71832CA1C5994C700388E02 /* DetailViewController.m */,
				C7D5B39C1C655EE80092A5D5 /* ContributionsViewController.h */,
				C7D5B39D1C655EE80092A5D5 /* ContributionsViewController.m */,
				C7D5B3A81C6784FF0092A5D5 /* VotesViewController.h */,
				C7D5B3A91C6784FF0092A5D5 /* VotesViewController.m */,
			);
			name = DetailViews;
			sourceTree = "<group>";
		};
		C7D5B3B61C68E9B60092A5D5 /* StateImages */ = {
			isa = PBXGroup;
			children = (
				C7D5B41E1C68F0C40092A5D5 /* state-alabama.png */,
				C7D5B41F1C68F0C40092A5D5 /* state-alaska.png */,
				C7D5B4201C68F0C40092A5D5 /* state-arizona.png */,
				C7D5B4211C68F0C40092A5D5 /* state-arkansas.png */,
				C7D5B4221C68F0C40092A5D5 /* state-california.png */,
				C7D5B4231C68F0C40092A5D5 /* state-colorado.png */,
				C7D5B4241C68F0C40092A5D5 /* state-connecticut.png */,
				C7D5B4251C68F0C40092A5D5 /* state-delaware.png */,
				C7D5B4261C68F0C40092A5D5 /* state-florida.png */,
				C7D5B4271C68F0C40092A5D5 /* state-georgia.png */,
				C7D5B4281C68F0C40092A5D5 /* state-hawaii.png */,
				C7D5B4291C68F0C40092A5D5 /* state-idaho.png */,
				C7D5B42A1C68F0C40092A5D5 /* state-illinois.png */,
				C7D5B42B1C68F0C40092A5D5 /* state-indiana.png */,
				C7D5B42C1C68F0C40092A5D5 /* state-iowa.png */,
				C7D5B42D1C68F0C40092A5D5 /* state-kansas.png */,
				C7D5B42E1C68F0C40092A5D5 /* state-kentucky.png */,
				C7D5B42F1C68F0C40092A5D5 /* state-louisiana.png */,
				C7D5B4301C68F0C40092A5D5 /* state-maine.png */,
				C7D5B4311C68F0C40092A5D5 /* state-maryland.png */,
				C7D5B4881C6911250092A5D5 /* state-massachusetts.png */,
				C7D5B4331C68F0C40092A5D5 /* state-michigan.png */,
				C7D5B4341C68F0C40092A5D5 /* state-minnesota.png */,
				C7D5B4351C68F0C40092A5D5 /* state-mississippi.png */,
				C7D5B4361C68F0C40092A5D5 /* state-missouri.png */,
				C7D5B4371C68F0C40092A5D5 /* state-montana.png */,
				C7D5B4381C68F0C40092A5D5 /* state-nebraska.png */,
				C7D5B4391C68F0C40092A5D5 /* state-nevada.png */,
				C7D5B43A1C68F0C40092A5D5 /* state-new-hampshire.png */,
				C7D5B43B1C68F0C40092A5D5 /* state-new-jersey.png */,
				C7D5B43C1C68F0C40092A5D5 /* state-new-mexico.png */,
				C7D5B43D1C68F0C40092A5D5 /* state-new-york.png */,
				C7D5B43E1C68F0C40092A5D5 /* state-north-carolina.png */,
				C7D5B43F1C68F0C40092A5D5 /* state-north-dakota.png */,
				C7D5B4401C68F0C40092A5D5 /* state-ohio.png */,
				C7D5B4411C68F0C40092A5D5 /* state-oklahoma.png */,
				C7D5B4421C68F0C40092A5D5 /* state-oregon.png */,
				C7D5B4431C68F0C40092A5D5 /* state-pennsylvania.png */,
				C7D5B4441C68F0C40092A5D5 /* state-rhode-island.png */,
				C7D5B4451C68F0C40092A5D5 /* state-south-carolina.png */,
				C7D5B4461C68F0C40092A5D5 /* state-south-dakota.png */,
				C7D5B4471C68F0C40092A5D5 /* state-tennessee.png */,
				C7D5B4481C68F0C40092A5D5 /* state-texas.png */,
				C7D5B4491C68F0C40092A5D5 /* state-utah.png */,
				C7D5B44A1C68F0C40092A5D5 /* state-vermont.png */,
				C7D5B44B1C68F0C40092A5D5 /* state-virginia.png */,
				C7D5B44C1C68F0C40092A5D5 /* state-washington.png */,
				C7D5B44D1C68F0C40092A5D5 /* state-west-virginia.png */,
				C7D5B44E1C68F0C40092A5D5 /* state-wisconsin.png */,
				C7D5B44F1C68F0C40092A5D5 /* state-wyoming.png */,
			);
			name = StateImages;
			sourceTree = "<group>";
		};
		C7D5B4821C68F16B0092A5D5 /* CustomCells */ = {
			isa = PBXGroup;
			children = (
				C7D5B3B31C68DFD20092A5D5 /* CustomVoteCell.h */,
				C7D5B3B41C68DFD20092A5D5 /* CustomVoteCell.m */,
				C7D5B4831C68F1B10092A5D5 /* CustomStateCell.h */,
				C7D5B4841C68F1B10092A5D5 /* CustomStateCell.m */,
				C7D5B4F61C6D05DC0092A5D5 /* CustomIndustryCell.h */,
				C7D5B4F71C6D05DC0092A5D5 /* CustomIndustryCell.m */,
				C7334F481C6E5BA200449CD3 /* CustomFundraisingCell.h */,
				C7334F491C6E5BA200449CD3 /* CustomFundraisingCell.m */,
			);
			name = CustomCells;
			sourceTree = "<group>";
		};
		C7D5B4EE1C6AD3420092A5D5 /* SlideOutMenuFiles */ = {
			isa = PBXGroup;
			children = (
				C7D5B4EF1C6AD3420092A5D5 /* SWRevealViewController.h */,
				C7D5B4F01C6AD3420092A5D5 /* SWRevealViewController.m */,
			);
			path = SlideOutMenuFiles;
			sourceTree = "<group>";
		};
		C7D5B4F21C6BC1600092A5D5 /* OldAlphaFiles */ = {
			isa = PBXGroup;
			children = (
				C71832B11C513DFD00388E02 /* StateViewController.h */,
				C71832B21C513DFD00388E02 /* StateViewController.m */,
				C71832C01C57DB4A00388E02 /* ZipCodeViewController.h */,
				C71832C11C57DB4A00388E02 /* ZipCodeViewController.m */,
				C71832C31C57DB7E00388E02 /* NameViewController.h */,
				C71832C41C57DB7E00388E02 /* NameViewController.m */,
			);
			name = OldAlphaFiles;
			sourceTree = "<group>";
		};
/* End PBXGroup section */

/* Begin PBXNativeTarget section */
		C71832701C50B85F00388E02 /* Poli-Credible-Proto */ = {
			isa = PBXNativeTarget;
			buildConfigurationList = C71832A11C50B85F00388E02 /* Build configuration list for PBXNativeTarget "Poli-Credible-Proto" */;
			buildPhases = (
				C718326D1C50B85F00388E02 /* Sources */,
				C718326E1C50B85F00388E02 /* Frameworks */,
				C718326F1C50B85F00388E02 /* Resources */,
			);
			buildRules = (
			);
			dependencies = (
			);
			name = "Poli-Credible-Proto";
			productName = "Poli-Credible-Proto";
			productReference = C71832711C50B85F00388E02 /* Poli-Credible-Proto.app */;
			productType = "com.apple.product-type.application";
		};
		C718328C1C50B85F00388E02 /* Poli-Credible-ProtoTests */ = {
			isa = PBXNativeTarget;
			buildConfigurationList = C71832A41C50B85F00388E02 /* Build configuration list for PBXNativeTarget "Poli-Credible-ProtoTests" */;
			buildPhases = (
				C71832891C50B85F00388E02 /* Sources */,
				C718328A1C50B85F00388E02 /* Frameworks */,
				C718328B1C50B85F00388E02 /* Resources */,
			);
			buildRules = (
			);
			dependencies = (
				C718328F1C50B85F00388E02 /* PBXTargetDependency */,
			);
			name = "Poli-Credible-ProtoTests";
			productName = "Poli-Credible-ProtoTests";
			productReference = C718328D1C50B85F00388E02 /* Poli-Credible-ProtoTests.xctest */;
			productType = "com.apple.product-type.bundle.unit-test";
		};
		C71832971C50B85F00388E02 /* Poli-Credible-ProtoUITests */ = {
			isa = PBXNativeTarget;
			buildConfigurationList = C71832A71C50B85F00388E02 /* Build configuration list for PBXNativeTarget "Poli-Credible-ProtoUITests" */;
			buildPhases = (
				C71832941C50B85F00388E02 /* Sources */,
				C71832951C50B85F00388E02 /* Frameworks */,
				C71832961C50B85F00388E02 /* Resources */,
			);
			buildRules = (
			);
			dependencies = (
				C718329A1C50B85F00388E02 /* PBXTargetDependency */,
			);
			name = "Poli-Credible-ProtoUITests";
			productName = "Poli-Credible-ProtoUITests";
			productReference = C71832981C50B85F00388E02 /* Poli-Credible-ProtoUITests.xctest */;
			productType = "com.apple.product-type.bundle.ui-testing";
		};
/* End PBXNativeTarget section */

/* Begin PBXProject section */
		C71832691C50B85F00388E02 /* Project object */ = {
			isa = PBXProject;
			attributes = {
				LastUpgradeCheck = 0720;
				ORGANIZATIONNAME = "Robert Brooks";
				TargetAttributes = {
					C71832701C50B85F00388E02 = {
						CreatedOnToolsVersion = 7.2;
						DevelopmentTeam = NEDUKB8W3F;
					};
					C718328C1C50B85F00388E02 = {
						CreatedOnToolsVersion = 7.2;
						TestTargetID = C71832701C50B85F00388E02;
					};
					C71832971C50B85F00388E02 = {
						CreatedOnToolsVersion = 7.2;
						TestTargetID = C71832701C50B85F00388E02;
					};
				};
			};
			buildConfigurationList = C718326C1C50B85F00388E02 /* Build configuration list for PBXProject "Poli-Credible-Proto" */;
			compatibilityVersion = "Xcode 3.2";
			developmentRegion = English;
			hasScannedForEncodings = 0;
			knownRegions = (
				en,
				Base,
			);
			mainGroup = C71832681C50B85F00388E02;
			productRefGroup = C71832721C50B85F00388E02 /* Products */;
			projectDirPath = "";
			projectRoot = "";
			targets = (
				C71832701C50B85F00388E02 /* Poli-Credible-Proto */,
				C718328C1C50B85F00388E02 /* Poli-Credible-ProtoTests */,
				C71832971C50B85F00388E02 /* Poli-Credible-ProtoUITests */,
			);
		};
/* End PBXProject section */

/* Begin PBXResourcesBuildPhase section */
		C718326F1C50B85F00388E02 /* Resources */ = {
			isa = PBXResourcesBuildPhase;
			buildActionMask = 2147483647;
			files = (
				C7D5B4541C68F0C40092A5D5 /* state-california.png in Resources */,
				C71832871C50B85F00388E02 /* LaunchScreen.storyboard in Resources */,
				C7D5B2A01C62F46F0092A5D5 /* phone-icon.png in Resources */,
				C7D5B46E1C68F0C40092A5D5 /* state-new-mexico.png in Resources */,
				C7D5B2961C62978A0092A5D5 /* favorite-icon-b.png in Resources */,
				C7D5B47A1C68F0C40092A5D5 /* state-texas.png in Resources */,
				C7D5B2941C62967C0092A5D5 /* favorite-icon.png in Resources */,
				C7D5B4671C68F0C40092A5D5 /* state-mississippi.png in Resources */,
				C7D5B28A1C61CA170092A5D5 /* Logo-2.png in Resources */,
				C7D5B46A1C68F0C40092A5D5 /* state-nebraska.png in Resources */,
				C7D5B45D1C68F0C40092A5D5 /* state-indiana.png in Resources */,
				C7D5B47C1C68F0C40092A5D5 /* state-vermont.png in Resources */,
				C7D5B4581C68F0C40092A5D5 /* state-florida.png in Resources */,
				C7D5B45B1C68F0C40092A5D5 /* state-idaho.png in Resources */,
				C7D5B4571C68F0C40092A5D5 /* state-delaware.png in Resources */,
				C7D5B4591C68F0C40092A5D5 /* state-georgia.png in Resources */,
				C7D5B4681C68F0C40092A5D5 /* state-missouri.png in Resources */,
				C7D5B4661C68F0C40092A5D5 /* state-minnesota.png in Resources */,
				C7D5B4651C68F0C40092A5D5 /* state-michigan.png in Resources */,
				C7D5B4551C68F0C40092A5D5 /* state-colorado.png in Resources */,
				C7D5B45C1C68F0C40092A5D5 /* state-illinois.png in Resources */,
				C7D5B29A1C62EACC0092A5D5 /* twitter-icon.png in Resources */,
				C7D5B4621C68F0C40092A5D5 /* state-maine.png in Resources */,
				C7D5B47E1C68F0C40092A5D5 /* state-washington.png in Resources */,
				C7D5B4511C68F0C40092A5D5 /* state-alaska.png in Resources */,
				C7D5B4791C68F0C40092A5D5 /* state-tennessee.png in Resources */,
				C7D5B4531C68F0C40092A5D5 /* state-arkansas.png in Resources */,
				C7D5B4501C68F0C40092A5D5 /* state-alabama.png in Resources */,
				C7D5B45A1C68F0C40092A5D5 /* state-hawaii.png in Resources */,
				C7D5B4741C68F0C40092A5D5 /* state-oregon.png in Resources */,
				C71832841C50B85F00388E02 /* Assets.xcassets in Resources */,
				C7D5B2881C61BDF70092A5D5 /* bg-2.png in Resources */,
				C7D5B4721C68F0C40092A5D5 /* state-ohio.png in Resources */,
				C7D5B4701C68F0C40092A5D5 /* state-north-carolina.png in Resources */,
				C7D5B47B1C68F0C40092A5D5 /* state-utah.png in Resources */,
				C7D5B45E1C68F0C40092A5D5 /* state-iowa.png in Resources */,
				C7D5B4731C68F0C40092A5D5 /* state-oklahoma.png in Resources */,
				C7D5B2861C61BAC90092A5D5 /* bg-1.png in Resources */,
				C71832CD1C5A4A2400388E02 /* Shelby-Image.jpg in Resources */,
				C7D5B4E71C6A71770092A5D5 /* menu-icon.png in Resources */,
				C7D5B46D1C68F0C40092A5D5 /* state-new-jersey.png in Resources */,
				C7D5B2981C62E8710092A5D5 /* facebook-icon.png in Resources */,
				C7D5B3AF1C67FE7C0092A5D5 /* website-link.png in Resources */,
				C7D5B4611C68F0C40092A5D5 /* state-louisiana.png in Resources */,
				C71832AC1C50BA0F00388E02 /* search-icon.png in Resources */,
				C7D5B47D1C68F0C40092A5D5 /* state-virginia.png in Resources */,
				C7D5B46B1C68F0C40092A5D5 /* state-nevada.png in Resources */,
				C7D5B4561C68F0C40092A5D5 /* state-connecticut.png in Resources */,
				C718327F1C50B85F00388E02 /* Main.storyboard in Resources */,
				C7D5B4601C68F0C40092A5D5 /* state-kentucky.png in Resources */,
				C7D5B45F1C68F0C40092A5D5 /* state-kansas.png in Resources */,
				C7D5B4801C68F0C40092A5D5 /* state-wisconsin.png in Resources */,
				C7D5B4811C68F0C40092A5D5 /* state-wyoming.png in Resources */,
				C7D5B4891C6911250092A5D5 /* state-massachusetts.png in Resources */,
				C7D5B4521C68F0C40092A5D5 /* state-arizona.png in Resources */,
				C7D5B3A31C668CDA0092A5D5 /* addFavoriteIcon.png in Resources */,
				C7D5B4751C68F0C40092A5D5 /* state-pennsylvania.png in Resources */,
				C7D5B4771C68F0C40092A5D5 /* state-south-carolina.png in Resources */,
				C7D5B46F1C68F0C40092A5D5 /* state-new-york.png in Resources */,
				C7D5B46C1C68F0C40092A5D5 /* state-new-hampshire.png in Resources */,
				C7D5B47F1C68F0C40092A5D5 /* state-west-virginia.png in Resources */,
				C7D5B4DF1C6A67E40092A5D5 /* Logo-Menu.png in Resources */,
				C71832B51C56554800388E02 /* Logo-1.png in Resources */,
				C7D5B4711C68F0C40092A5D5 /* state-north-dakota.png in Resources */,
				C7D5B4691C68F0C40092A5D5 /* state-montana.png in Resources */,
				C7D5B4761C68F0C40092A5D5 /* state-rhode-island.png in Resources */,
				C71832AD1C50BA0F00388E02 /* UIBarButtonSearch_2x.png in Resources */,
				C7D5B4781C68F0C40092A5D5 /* state-south-dakota.png in Resources */,
				C7D5B29C1C62ECE70092A5D5 /* mail-icon.png in Resources */,
				C7D5B4631C68F0C40092A5D5 /* state-maryland.png in Resources */,
			);
			runOnlyForDeploymentPostprocessing = 0;
		};
		C718328B1C50B85F00388E02 /* Resources */ = {
			isa = PBXResourcesBuildPhase;
			buildActionMask = 2147483647;
			files = (
			);
			runOnlyForDeploymentPostprocessing = 0;
		};
		C71832961C50B85F00388E02 /* Resources */ = {
			isa = PBXResourcesBuildPhase;
			buildActionMask = 2147483647;
			files = (
			);
			runOnlyForDeploymentPostprocessing = 0;
		};
/* End PBXResourcesBuildPhase section */

/* Begin PBXSourcesBuildPhase section */
		C718326D1C50B85F00388E02 /* Sources */ = {
			isa = PBXSourcesBuildPhase;
			buildActionMask = 2147483647;
			files = (
				C7334F4A1C6E5BA200449CD3 /* CustomFundraisingCell.m in Sources */,
				C7D5B4851C68F1B10092A5D5 /* CustomStateCell.m in Sources */,
				C71832821C50B85F00388E02 /* Poli_Credible_Proto.xcdatamodeld in Sources */,
				C718327C1C50B85F00388E02 /* ViewController.m in Sources */,
				C7D5B3A11C6573CE0092A5D5 /* ContributorDataClass.m in Sources */,
				C7D5B4ED1C6A76CF0092A5D5 /* SearchByNameViewController.m in Sources */,
				C7D5B3941C6532680092A5D5 /* XPathQuery.m in Sources */,
				C71832791C50B85F00388E02 /* AppDelegate.m in Sources */,
				C7D5B4F81C6D05DC0092A5D5 /* CustomIndustryCell.m in Sources */,
				C7D5B3921C6532680092A5D5 /* TFHpple.m in Sources */,
				C71832BF1C56890A00388E02 /* HTTPManager.m in Sources */,
				C7D5B3B21C68D0E70092A5D5 /* VoteDataClass.m in Sources */,
				C7D5B4EA1C6A76B40092A5D5 /* SearchByZipViewController.m in Sources */,
				C71832C21C57DB4A00388E02 /* ZipCodeViewController.m in Sources */,
				C71832B81C567B9100388E02 /* ResultsViewController.m in Sources */,
				C71832BB1C567D8900388E02 /* MemberDataClass.m in Sources */,
				C7D5B2A31C644D240092A5D5 /* MemberInfoViewController.m in Sources */,
				C7D5B3931C6532680092A5D5 /* TFHppleElement.m in Sources */,
				C7D5B4F51C6BC6FF0092A5D5 /* IndustryDataClass.m in Sources */,
				C7D5B3AA1C6784FF0092A5D5 /* VotesViewController.m in Sources */,
				C7D5B3B51C68DFD20092A5D5 /* CustomVoteCell.m in Sources */,
				C7D5B4E21C6A6B010092A5D5 /* MenuViewController.m in Sources */,
				C71832C51C57DB7E00388E02 /* NameViewController.m in Sources */,
				C7D5B39E1C655EE80092A5D5 /* ContributionsViewController.m in Sources */,
				C71832C81C59615B00388E02 /* FavoritesViewController.m in Sources */,
				C7D5B3B91C68EB090092A5D5 /* StateDataClass.m in Sources */,
				C7D5B4F11C6AD3420092A5D5 /* SWRevealViewController.m in Sources */,
				C7D5B39B1C6535E20092A5D5 /* RepBio.m in Sources */,
				C7334F471C6E4FAC00449CD3 /* FundraisingDataClass.m in Sources */,
				C71832761C50B85F00388E02 /* main.m in Sources */,
				C71832B31C513DFD00388E02 /* StateViewController.m in Sources */,
				C71832CB1C5994C700388E02 /* DetailViewController.m in Sources */,
				C7D5B4E51C6A6BCD0092A5D5 /* SearchByStateViewController.m in Sources */,
			);
			runOnlyForDeploymentPostprocessing = 0;
		};
		C71832891C50B85F00388E02 /* Sources */ = {
			isa = PBXSourcesBuildPhase;
			buildActionMask = 2147483647;
			files = (
				C71832921C50B85F00388E02 /* Poli_Credible_ProtoTests.m in Sources */,
			);
			runOnlyForDeploymentPostprocessing = 0;
		};
		C71832941C50B85F00388E02 /* Sources */ = {
			isa = PBXSourcesBuildPhase;
			buildActionMask = 2147483647;
			files = (
				C718329D1C50B85F00388E02 /* Poli_Credible_ProtoUITests.m in Sources */,
			);
			runOnlyForDeploymentPostprocessing = 0;
		};
/* End PBXSourcesBuildPhase section */

/* Begin PBXTargetDependency section */
		C718328F1C50B85F00388E02 /* PBXTargetDependency */ = {
			isa = PBXTargetDependency;
			target = C71832701C50B85F00388E02 /* Poli-Credible-Proto */;
			targetProxy = C718328E1C50B85F00388E02 /* PBXContainerItemProxy */;
		};
		C718329A1C50B85F00388E02 /* PBXTargetDependency */ = {
			isa = PBXTargetDependency;
			target = C71832701C50B85F00388E02 /* Poli-Credible-Proto */;
			targetProxy = C71832991C50B85F00388E02 /* PBXContainerItemProxy */;
		};
/* End PBXTargetDependency section */

/* Begin PBXVariantGroup section */
		C718327D1C50B85F00388E02 /* Main.storyboard */ = {
			isa = PBXVariantGroup;
			children = (
				C718327E1C50B85F00388E02 /* Base */,
			);
			name = Main.storyboard;
			sourceTree = "<group>";
		};
		C71832851C50B85F00388E02 /* LaunchScreen.storyboard */ = {
			isa = PBXVariantGroup;
			children = (
				C71832861C50B85F00388E02 /* Base */,
			);
			name = LaunchScreen.storyboard;
			sourceTree = "<group>";
		};
/* End PBXVariantGroup section */

/* Begin XCBuildConfiguration section */
		C718329F1C50B85F00388E02 /* Debug */ = {
			isa = XCBuildConfiguration;
			buildSettings = {
				ALWAYS_SEARCH_USER_PATHS = NO;
				CLANG_CXX_LANGUAGE_STANDARD = "gnu++0x";
				CLANG_CXX_LIBRARY = "libc++";
				CLANG_ENABLE_MODULES = YES;
				CLANG_ENABLE_OBJC_ARC = YES;
				CLANG_WARN_BOOL_CONVERSION = YES;
				CLANG_WARN_CONSTANT_CONVERSION = YES;
				CLANG_WARN_DIRECT_OBJC_ISA_USAGE = YES_ERROR;
				CLANG_WARN_EMPTY_BODY = YES;
				CLANG_WARN_ENUM_CONVERSION = YES;
				CLANG_WARN_INT_CONVERSION = YES;
				CLANG_WARN_OBJC_ROOT_CLASS = YES_ERROR;
				CLANG_WARN_UNREACHABLE_CODE = YES;
				CLANG_WARN__DUPLICATE_METHOD_MATCH = YES;
				"CODE_SIGN_IDENTITY[sdk=iphoneos*]" = "iPhone Developer";
				COPY_PHASE_STRIP = NO;
				DEBUG_INFORMATION_FORMAT = dwarf;
				ENABLE_STRICT_OBJC_MSGSEND = YES;
				ENABLE_TESTABILITY = YES;
				GCC_C_LANGUAGE_STANDARD = gnu99;
				GCC_DYNAMIC_NO_PIC = NO;
				GCC_NO_COMMON_BLOCKS = YES;
				GCC_OPTIMIZATION_LEVEL = 0;
				GCC_PREPROCESSOR_DEFINITIONS = (
					"DEBUG=1",
					"$(inherited)",
				);
				GCC_WARN_64_TO_32_BIT_CONVERSION = YES;
				GCC_WARN_ABOUT_RETURN_TYPE = YES_ERROR;
				GCC_WARN_UNDECLARED_SELECTOR = YES;
				GCC_WARN_UNINITIALIZED_AUTOS = YES_AGGRESSIVE;
				GCC_WARN_UNUSED_FUNCTION = YES;
				GCC_WARN_UNUSED_VARIABLE = YES;
				IPHONEOS_DEPLOYMENT_TARGET = 9.2;
				MTL_ENABLE_DEBUG_INFO = YES;
				ONLY_ACTIVE_ARCH = YES;
				SDKROOT = iphoneos;
				TARGETED_DEVICE_FAMILY = "1,2";
			};
			name = Debug;
		};
		C71832A01C50B85F00388E02 /* Release */ = {
			isa = XCBuildConfiguration;
			buildSettings = {
				ALWAYS_SEARCH_USER_PATHS = NO;
				CLANG_CXX_LANGUAGE_STANDARD = "gnu++0x";
				CLANG_CXX_LIBRARY = "libc++";
				CLANG_ENABLE_MODULES = YES;
				CLANG_ENABLE_OBJC_ARC = YES;
				CLANG_WARN_BOOL_CONVERSION = YES;
				CLANG_WARN_CONSTANT_CONVERSION = YES;
				CLANG_WARN_DIRECT_OBJC_ISA_USAGE = YES_ERROR;
				CLANG_WARN_EMPTY_BODY = YES;
				CLANG_WARN_ENUM_CONVERSION = YES;
				CLANG_WARN_INT_CONVERSION = YES;
				CLANG_WARN_OBJC_ROOT_CLASS = YES_ERROR;
				CLANG_WARN_UNREACHABLE_CODE = YES;
				CLANG_WARN__DUPLICATE_METHOD_MATCH = YES;
				"CODE_SIGN_IDENTITY[sdk=iphoneos*]" = "iPhone Developer";
				COPY_PHASE_STRIP = NO;
				DEBUG_INFORMATION_FORMAT = "dwarf-with-dsym";
				ENABLE_NS_ASSERTIONS = NO;
				ENABLE_STRICT_OBJC_MSGSEND = YES;
				GCC_C_LANGUAGE_STANDARD = gnu99;
				GCC_NO_COMMON_BLOCKS = YES;
				GCC_WARN_64_TO_32_BIT_CONVERSION = YES;
				GCC_WARN_ABOUT_RETURN_TYPE = YES_ERROR;
				GCC_WARN_UNDECLARED_SELECTOR = YES;
				GCC_WARN_UNINITIALIZED_AUTOS = YES_AGGRESSIVE;
				GCC_WARN_UNUSED_FUNCTION = YES;
				GCC_WARN_UNUSED_VARIABLE = YES;
				IPHONEOS_DEPLOYMENT_TARGET = 9.2;
				MTL_ENABLE_DEBUG_INFO = NO;
				SDKROOT = iphoneos;
				TARGETED_DEVICE_FAMILY = "1,2";
				VALIDATE_PRODUCT = YES;
			};
			name = Release;
		};
		C71832A21C50B85F00388E02 /* Debug */ = {
			isa = XCBuildConfiguration;
			buildSettings = {
				ASSETCATALOG_COMPILER_APPICON_NAME = AppIcon;
				CODE_SIGN_IDENTITY = "iPhone Developer";
				"CODE_SIGN_IDENTITY[sdk=iphoneos*]" = "iPhone Developer";
				HEADER_SEARCH_PATHS = "$(SDKROOT)/usr/include/libxml2";
				INFOPLIST_FILE = "Poli-Credible-Proto/Info.plist";
				LD_RUNPATH_SEARCH_PATHS = "$(inherited) @executable_path/Frameworks";
				PRODUCT_BUNDLE_IDENTIFIER = "com.robertbrooks.Poli-Credible-Proto";
				PRODUCT_NAME = "$(TARGET_NAME)";
				PROVISIONING_PROFILE = "";
			};
			name = Debug;
		};
		C71832A31C50B85F00388E02 /* Release */ = {
			isa = XCBuildConfiguration;
			buildSettings = {
				ASSETCATALOG_COMPILER_APPICON_NAME = AppIcon;
				CODE_SIGN_IDENTITY = "iPhone Developer";
				"CODE_SIGN_IDENTITY[sdk=iphoneos*]" = "iPhone Developer";
				HEADER_SEARCH_PATHS = "$(SDKROOT)/usr/include/libxml2";
				INFOPLIST_FILE = "Poli-Credible-Proto/Info.plist";
				LD_RUNPATH_SEARCH_PATHS = "$(inherited) @executable_path/Frameworks";
				PRODUCT_BUNDLE_IDENTIFIER = "com.robertbrooks.Poli-Credible-Proto";
				PRODUCT_NAME = "$(TARGET_NAME)";
				PROVISIONING_PROFILE = "";
			};
			name = Release;
		};
		C71832A51C50B85F00388E02 /* Debug */ = {
			isa = XCBuildConfiguration;
			buildSettings = {
				BUNDLE_LOADER = "$(TEST_HOST)";
				INFOPLIST_FILE = "Poli-Credible-ProtoTests/Info.plist";
				LD_RUNPATH_SEARCH_PATHS = "$(inherited) @executable_path/Frameworks @loader_path/Frameworks";
				PRODUCT_BUNDLE_IDENTIFIER = "com.robertbrooks.Poli-Credible-ProtoTests";
				PRODUCT_NAME = "$(TARGET_NAME)";
				TEST_HOST = "$(BUILT_PRODUCTS_DIR)/Poli-Credible-Proto.app/Poli-Credible-Proto";
			};
			name = Debug;
		};
		C71832A61C50B85F00388E02 /* Release */ = {
			isa = XCBuildConfiguration;
			buildSettings = {
				BUNDLE_LOADER = "$(TEST_HOST)";
				INFOPLIST_FILE = "Poli-Credible-ProtoTests/Info.plist";
				LD_RUNPATH_SEARCH_PATHS = "$(inherited) @executable_path/Frameworks @loader_path/Frameworks";
				PRODUCT_BUNDLE_IDENTIFIER = "com.robertbrooks.Poli-Credible-ProtoTests";
				PRODUCT_NAME = "$(TARGET_NAME)";
				TEST_HOST = "$(BUILT_PRODUCTS_DIR)/Poli-Credible-Proto.app/Poli-Credible-Proto";
			};
			name = Release;
		};
		C71832A81C50B85F00388E02 /* Debug */ = {
			isa = XCBuildConfiguration;
			buildSettings = {
				INFOPLIST_FILE = "Poli-Credible-ProtoUITests/Info.plist";
				LD_RUNPATH_SEARCH_PATHS = "$(inherited) @executable_path/Frameworks @loader_path/Frameworks";
				PRODUCT_BUNDLE_IDENTIFIER = "com.robertbrooks.Poli-Credible-ProtoUITests";
				PRODUCT_NAME = "$(TARGET_NAME)";
				TEST_TARGET_NAME = "Poli-Credible-Proto";
				USES_XCTRUNNER = YES;
			};
			name = Debug;
		};
		C71832A91C50B85F00388E02 /* Release */ = {
			isa = XCBuildConfiguration;
			buildSettings = {
				INFOPLIST_FILE = "Poli-Credible-ProtoUITests/Info.plist";
				LD_RUNPATH_SEARCH_PATHS = "$(inherited) @executable_path/Frameworks @loader_path/Frameworks";
				PRODUCT_BUNDLE_IDENTIFIER = "com.robertbrooks.Poli-Credible-ProtoUITests";
				PRODUCT_NAME = "$(TARGET_NAME)";
				TEST_TARGET_NAME = "Poli-Credible-Proto";
				USES_XCTRUNNER = YES;
			};
			name = Release;
		};
/* End XCBuildConfiguration section */

/* Begin XCConfigurationList section */
		C718326C1C50B85F00388E02 /* Build configuration list for PBXProject "Poli-Credible-Proto" */ = {
			isa = XCConfigurationList;
			buildConfigurations = (
				C718329F1C50B85F00388E02 /* Debug */,
				C71832A01C50B85F00388E02 /* Release */,
			);
			defaultConfigurationIsVisible = 0;
			defaultConfigurationName = Release;
		};
		C71832A11C50B85F00388E02 /* Build configuration list for PBXNativeTarget "Poli-Credible-Proto" */ = {
			isa = XCConfigurationList;
			buildConfigurations = (
				C71832A21C50B85F00388E02 /* Debug */,
				C71832A31C50B85F00388E02 /* Release */,
			);
			defaultConfigurationIsVisible = 0;
			defaultConfigurationName = Release;
		};
		C71832A41C50B85F00388E02 /* Build configuration list for PBXNativeTarget "Poli-Credible-ProtoTests" */ = {
			isa = XCConfigurationList;
			buildConfigurations = (
				C71832A51C50B85F00388E02 /* Debug */,
				C71832A61C50B85F00388E02 /* Release */,
			);
			defaultConfigurationIsVisible = 0;
			defaultConfigurationName = Release;
		};
		C71832A71C50B85F00388E02 /* Build configuration list for PBXNativeTarget "Poli-Credible-ProtoUITests" */ = {
			isa = XCConfigurationList;
			buildConfigurations = (
				C71832A81C50B85F00388E02 /* Debug */,
				C71832A91C50B85F00388E02 /* Release */,
			);
			defaultConfigurationIsVisible = 0;
			defaultConfigurationName = Release;
		};
/* End XCConfigurationList section */

/* Begin XCVersionGroup section */
		C71832801C50B85F00388E02 /* Poli_Credible_Proto.xcdatamodeld */ = {
			isa = XCVersionGroup;
			children = (
				C71832811C50B85F00388E02 /* Poli_Credible_Proto.xcdatamodel */,
			);
			currentVersion = C71832811C50B85F00388E02 /* Poli_Credible_Proto.xcdatamodel */;
			path = Poli_Credible_Proto.xcdatamodeld;
			sourceTree = "<group>";
			versionGroupType = wrapper.xcdatamodel;
		};
/* End XCVersionGroup section */
	};
	rootObject = C71832691C50B85F00388E02 /* Project object */;
}
